PODS:
  - Atributika (4.9.10)
  - IGListDiffKit (4.0.0)
  - IGListKit (4.0.0):
    - IGListDiffKit (= 4.0.0)
  - IQKeyboardManagerSwift (6.5.9)
  - OverlayContainer (3.5.2)
  - PinLayout (1.10.0)
  - R.swift (5.4.0):
    - R.swift.Library (~> 5.3.0)
  - R.swift.Library (5.3.0)
  - SnapKit (5.0.1)

DEPENDENCIES:
  - Atributika (~> 4.9.0)
  - IGListKit (~> 4.0)
  - IQKeyboardManagerSwift
  - OverlayContainer
  - PinLayout (~> 1.8)
  - R.swift (~> 5.4.0)
  - SnapKit (~> 5.0.0)

SPEC REPOS:
  trunk:
    - Atributika
    - IGListDiffKit
    - IGListKit
    - IQKeyboardManagerSwift
    - OverlayContainer
    - PinLayout
    - R.swift
    - R.swift.Library
    - SnapKit

SPEC CHECKSUMS:
  Atributika: cf87f95f1d31d9cdb9af611a2b4e00672e9ae195
  IGListDiffKit: 665d6cf43ce726e676013db9c7d6c4294259b6b2
  IGListKit: fd5a5d21935298f5849fa49d426843cff97b77c7
  IQKeyboardManagerSwift: 6e839c575c4aa1078d58a596e41244e77abe918f
  OverlayContainer: 6b2727437ee7d76dc22b00d0275a94c9191f962a
  PinLayout: e50e9a748b632905fca6e67043ea4b05d6c92186
  R.swift: c533450b0f7dc494e0993f5f1a1db925d84c3006
  R.swift.Library: 0fc583cb55a99e28901299cc451614cad1161962
  SnapKit: 97b92857e3df3a0c71833cce143274bf6ef8e5eb

PODFILE CHECKSUM: 49cd7081a3a1f7fb4ff288711ca6ceda3a922499

COCOAPODS: 1.11.2
