// !$*UTF8*$!
{
	archiveVersion = 1;
	classes = {
	};
	objectVersion = 55;
	objects = {

/* Begin PBXBuildFile section */
		1B927F87CA22CD5C025E3F72 /* Pods_iPet.framework in Frameworks */ = {isa = PBXBuildFile; fileRef = 137E1A45FC5FB849D6E6C76A /* Pods_iPet.framework */; };
		C4A0E9662782DB48005D6662 /* AppDelegate.swift in Sources */ = {isa = PBXBuildFile; fileRef = C4A0E9652782DB48005D6662 /* AppDelegate.swift */; };
		C4A0E96F2782DB49005D6662 /* Assets.xcassets in Resources */ = {isa = PBXBuildFile; fileRef = C4A0E96E2782DB49005D6662 /* Assets.xcassets */; };
		C4A0E9802782DEA6005D6662 /* LaunchViewController.swift in Sources */ = {isa = PBXBuildFile; fileRef = C4A0E97F2782DEA6005D6662 /* LaunchViewController.swift */; };
		C4A0E9852782E0A6005D6662 /* RootViewController.swift in Sources */ = {isa = PBXBuildFile; fileRef = C4A0E9842782E0A6005D6662 /* RootViewController.swift */; };
		C4A0E9892782E0E4005D6662 /* RootView.swift in Sources */ = {isa = PBXBuildFile; fileRef = C4A0E9882782E0E4005D6662 /* RootView.swift */; };
		C4A0E98B2782E144005D6662 /* LaunchView.swift in Sources */ = {isa = PBXBuildFile; fileRef = C4A0E98A2782E144005D6662 /* LaunchView.swift */; };
		C4A0E98F2782E783005D6662 /* OnboardingViewController.swift in Sources */ = {isa = PBXBuildFile; fileRef = C4A0E98E2782E783005D6662 /* OnboardingViewController.swift */; };
		C4A0E9922782E79F005D6662 /* OnboardingView.swift in Sources */ = {isa = PBXBuildFile; fileRef = C4A0E9912782E79F005D6662 /* OnboardingView.swift */; };
		C4A0E9952782E858005D6662 /* SwipeNavigationController.swift in Sources */ = {isa = PBXBuildFile; fileRef = C4A0E9942782E858005D6662 /* SwipeNavigationController.swift */; };
		C4A0E9992782E93C005D6662 /* LaunchHelper.swift in Sources */ = {isa = PBXBuildFile; fileRef = C4A0E9982782E93C005D6662 /* LaunchHelper.swift */; };
		C4A0E99B2782E9BF005D6662 /* R.generated.swift in Sources */ = {isa = PBXBuildFile; fileRef = C4A0E99A2782E9BF005D6662 /* R.generated.swift */; };
		C4A0E9A02782EC0F005D6662 /* MontserratBold.ttf in Resources */ = {isa = PBXBuildFile; fileRef = C4A0E99C2782EC0F005D6662 /* MontserratBold.ttf */; };
		C4A0E9A12782EC0F005D6662 /* MontserratMedium.ttf in Resources */ = {isa = PBXBuildFile; fileRef = C4A0E99D2782EC0F005D6662 /* MontserratMedium.ttf */; };
		C4A0E9A22782EC0F005D6662 /* MontserratRegular.ttf in Resources */ = {isa = PBXBuildFile; fileRef = C4A0E99E2782EC0F005D6662 /* MontserratRegular.ttf */; };
		C4A0E9A32782EC0F005D6662 /* MontserratSemiBold.ttf in Resources */ = {isa = PBXBuildFile; fileRef = C4A0E99F2782EC0F005D6662 /* MontserratSemiBold.ttf */; };
		C4A0E9A62782F2B3005D6662 /* SignInViewController.swift in Sources */ = {isa = PBXBuildFile; fileRef = C4A0E9A52782F2B3005D6662 /* SignInViewController.swift */; };
		C4A0E9A92782F2C6005D6662 /* SignInView.swift in Sources */ = {isa = PBXBuildFile; fileRef = C4A0E9A82782F2C6005D6662 /* SignInView.swift */; };
		C4A0E9AD2782F534005D6662 /* UIColor+Hex.swift in Sources */ = {isa = PBXBuildFile; fileRef = C4A0E9AC2782F534005D6662 /* UIColor+Hex.swift */; };
		C4A0E9B12782F85D005D6662 /* RegisterUserInputViewController.swift in Sources */ = {isa = PBXBuildFile; fileRef = C4A0E9B02782F85D005D6662 /* RegisterUserInputViewController.swift */; };
		C4A0E9B42782F87D005D6662 /* RegisterUserInputView.swift in Sources */ = {isa = PBXBuildFile; fileRef = C4A0E9B32782F87D005D6662 /* RegisterUserInputView.swift */; };
		C4A0E9B727834617005D6662 /* GoogleService-Info.plist in Resources */ = {isa = PBXBuildFile; fileRef = C4A0E9B627834617005D6662 /* GoogleService-Info.plist */; };
		C4A0E9BA27834BBE005D6662 /* SignInProvider.swift in Sources */ = {isa = PBXBuildFile; fileRef = C4A0E9B927834BBE005D6662 /* SignInProvider.swift */; };
		C4A0E9BC27834CC3005D6662 /* Utils.swift in Sources */ = {isa = PBXBuildFile; fileRef = C4A0E9BB27834CC3005D6662 /* Utils.swift */; };
		C4A0E9CA2783505D005D6662 /* JSONEncodingHelper.swift in Sources */ = {isa = PBXBuildFile; fileRef = C4A0E9BE2783505D005D6662 /* JSONEncodingHelper.swift */; };
		C4A0E9CB2783505D005D6662 /* APIHelper.swift in Sources */ = {isa = PBXBuildFile; fileRef = C4A0E9BF2783505D005D6662 /* APIHelper.swift */; };
		C4A0E9CC2783505D005D6662 /* JSONValue.swift in Sources */ = {isa = PBXBuildFile; fileRef = C4A0E9C02783505D005D6662 /* JSONValue.swift */; };
		C4A0E9CD2783505D005D6662 /* Models.swift in Sources */ = {isa = PBXBuildFile; fileRef = C4A0E9C12783505D005D6662 /* Models.swift */; };
		C4A0E9CE2783505D005D6662 /* Extensions.swift in Sources */ = {isa = PBXBuildFile; fileRef = C4A0E9C22783505D005D6662 /* Extensions.swift */; };
		C4A0E9CF2783505D005D6662 /* APIs.swift in Sources */ = {isa = PBXBuildFile; fileRef = C4A0E9C32783505D005D6662 /* APIs.swift */; };
		C4A0E9D02783505D005D6662 /* Configuration.swift in Sources */ = {isa = PBXBuildFile; fileRef = C4A0E9C52783505D005D6662 /* Configuration.swift */; };
		C4A0E9D12783505D005D6662 /* CodableHelper.swift in Sources */ = {isa = PBXBuildFile; fileRef = C4A0E9C62783505D005D6662 /* CodableHelper.swift */; };
		C4A0E9D22783505D005D6662 /* JSONEncodableEncoding.swift in Sources */ = {isa = PBXBuildFile; fileRef = C4A0E9C72783505D005D6662 /* JSONEncodableEncoding.swift */; };
		C4A0E9D32783505D005D6662 /* AlamofireImplementations.swift in Sources */ = {isa = PBXBuildFile; fileRef = C4A0E9C82783505D005D6662 /* AlamofireImplementations.swift */; };
		C4A0E9D5278350C7005D6662 /* AuthGoggleResponse.swift in Sources */ = {isa = PBXBuildFile; fileRef = C4A0E9D4278350C7005D6662 /* AuthGoggleResponse.swift */; };
		C4A0E9D7278350E9005D6662 /* User.swift in Sources */ = {isa = PBXBuildFile; fileRef = C4A0E9D6278350E9005D6662 /* User.swift */; };
		C4A0E9D9278350FD005D6662 /* Pet.swift in Sources */ = {isa = PBXBuildFile; fileRef = C4A0E9D8278350FD005D6662 /* Pet.swift */; };
		C4A0E9DB2783516A005D6662 /* AuthAPI.swift in Sources */ = {isa = PBXBuildFile; fileRef = C4A0E9DA2783516A005D6662 /* AuthAPI.swift */; };
/* End PBXBuildFile section */

/* Begin PBXFileReference section */
		137E1A45FC5FB849D6E6C76A /* Pods_iPet.framework */ = {isa = PBXFileReference; explicitFileType = wrapper.framework; includeInIndex = 0; path = Pods_iPet.framework; sourceTree = BUILT_PRODUCTS_DIR; };
		B8BB7D5D564207E8E6D279EA /* Pods-iPet.release.xcconfig */ = {isa = PBXFileReference; includeInIndex = 1; lastKnownFileType = text.xcconfig; name = "Pods-iPet.release.xcconfig"; path = "Target Support Files/Pods-iPet/Pods-iPet.release.xcconfig"; sourceTree = "<group>"; };
		BCDB67425DC14DD1605A7426 /* Pods-iPet.debug.xcconfig */ = {isa = PBXFileReference; includeInIndex = 1; lastKnownFileType = text.xcconfig; name = "Pods-iPet.debug.xcconfig"; path = "Target Support Files/Pods-iPet/Pods-iPet.debug.xcconfig"; sourceTree = "<group>"; };
		C4A0E9622782DB48005D6662 /* iPet.app */ = {isa = PBXFileReference; explicitFileType = wrapper.application; includeInIndex = 0; path = iPet.app; sourceTree = BUILT_PRODUCTS_DIR; };
		C4A0E9652782DB48005D6662 /* AppDelegate.swift */ = {isa = PBXFileReference; lastKnownFileType = sourcecode.swift; path = AppDelegate.swift; sourceTree = "<group>"; };
		C4A0E96E2782DB49005D6662 /* Assets.xcassets */ = {isa = PBXFileReference; lastKnownFileType = folder.assetcatalog; path = Assets.xcassets; sourceTree = "<group>"; };
		C4A0E9732782DB49005D6662 /* Info.plist */ = {isa = PBXFileReference; lastKnownFileType = text.plist.xml; path = Info.plist; sourceTree = "<group>"; };
		C4A0E97F2782DEA6005D6662 /* LaunchViewController.swift */ = {isa = PBXFileReference; lastKnownFileType = sourcecode.swift; path = LaunchViewController.swift; sourceTree = "<group>"; };
		C4A0E9842782E0A6005D6662 /* RootViewController.swift */ = {isa = PBXFileReference; lastKnownFileType = sourcecode.swift; path = RootViewController.swift; sourceTree = "<group>"; };
		C4A0E9882782E0E4005D6662 /* RootView.swift */ = {isa = PBXFileReference; lastKnownFileType = sourcecode.swift; path = RootView.swift; sourceTree = "<group>"; };
		C4A0E98A2782E144005D6662 /* LaunchView.swift */ = {isa = PBXFileReference; lastKnownFileType = sourcecode.swift; path = LaunchView.swift; sourceTree = "<group>"; };
		C4A0E98E2782E783005D6662 /* OnboardingViewController.swift */ = {isa = PBXFileReference; lastKnownFileType = sourcecode.swift; path = OnboardingViewController.swift; sourceTree = "<group>"; };
		C4A0E9912782E79F005D6662 /* OnboardingView.swift */ = {isa = PBXFileReference; lastKnownFileType = sourcecode.swift; path = OnboardingView.swift; sourceTree = "<group>"; };
		C4A0E9942782E858005D6662 /* SwipeNavigationController.swift */ = {isa = PBXFileReference; lastKnownFileType = sourcecode.swift; path = SwipeNavigationController.swift; sourceTree = "<group>"; };
		C4A0E9982782E93C005D6662 /* LaunchHelper.swift */ = {isa = PBXFileReference; lastKnownFileType = sourcecode.swift; path = LaunchHelper.swift; sourceTree = "<group>"; };
		C4A0E99A2782E9BF005D6662 /* R.generated.swift */ = {isa = PBXFileReference; fileEncoding = 4; lastKnownFileType = sourcecode.swift; path = R.generated.swift; sourceTree = "<group>"; };
		C4A0E99C2782EC0F005D6662 /* MontserratBold.ttf */ = {isa = PBXFileReference; lastKnownFileType = file; path = MontserratBold.ttf; sourceTree = "<group>"; };
		C4A0E99D2782EC0F005D6662 /* MontserratMedium.ttf */ = {isa = PBXFileReference; lastKnownFileType = file; path = MontserratMedium.ttf; sourceTree = "<group>"; };
		C4A0E99E2782EC0F005D6662 /* MontserratRegular.ttf */ = {isa = PBXFileReference; lastKnownFileType = file; path = MontserratRegular.ttf; sourceTree = "<group>"; };
		C4A0E99F2782EC0F005D6662 /* MontserratSemiBold.ttf */ = {isa = PBXFileReference; lastKnownFileType = file; path = MontserratSemiBold.ttf; sourceTree = "<group>"; };
		C4A0E9A52782F2B3005D6662 /* SignInViewController.swift */ = {isa = PBXFileReference; lastKnownFileType = sourcecode.swift; path = SignInViewController.swift; sourceTree = "<group>"; };
		C4A0E9A82782F2C6005D6662 /* SignInView.swift */ = {isa = PBXFileReference; lastKnownFileType = sourcecode.swift; path = SignInView.swift; sourceTree = "<group>"; };
		C4A0E9AC2782F534005D6662 /* UIColor+Hex.swift */ = {isa = PBXFileReference; lastKnownFileType = sourcecode.swift; path = "UIColor+Hex.swift"; sourceTree = "<group>"; };
		C4A0E9B02782F85D005D6662 /* RegisterUserInputViewController.swift */ = {isa = PBXFileReference; lastKnownFileType = sourcecode.swift; path = RegisterUserInputViewController.swift; sourceTree = "<group>"; };
		C4A0E9B32782F87D005D6662 /* RegisterUserInputView.swift */ = {isa = PBXFileReference; lastKnownFileType = sourcecode.swift; path = RegisterUserInputView.swift; sourceTree = "<group>"; };
		C4A0E9B527831991005D6662 /* iPet.entitlements */ = {isa = PBXFileReference; lastKnownFileType = text.plist.entitlements; path = iPet.entitlements; sourceTree = "<group>"; };
		C4A0E9B627834617005D6662 /* GoogleService-Info.plist */ = {isa = PBXFileReference; fileEncoding = 4; lastKnownFileType = text.plist.xml; path = "GoogleService-Info.plist"; sourceTree = "<group>"; };
		C4A0E9B927834BBE005D6662 /* SignInProvider.swift */ = {isa = PBXFileReference; lastKnownFileType = sourcecode.swift; path = SignInProvider.swift; sourceTree = "<group>"; };
		C4A0E9BB27834CC3005D6662 /* Utils.swift */ = {isa = PBXFileReference; fileEncoding = 4; lastKnownFileType = sourcecode.swift; path = Utils.swift; sourceTree = "<group>"; };
		C4A0E9BE2783505D005D6662 /* JSONEncodingHelper.swift */ = {isa = PBXFileReference; fileEncoding = 4; lastKnownFileType = sourcecode.swift; path = JSONEncodingHelper.swift; sourceTree = "<group>"; };
		C4A0E9BF2783505D005D6662 /* APIHelper.swift */ = {isa = PBXFileReference; fileEncoding = 4; lastKnownFileType = sourcecode.swift; path = APIHelper.swift; sourceTree = "<group>"; };
		C4A0E9C02783505D005D6662 /* JSONValue.swift */ = {isa = PBXFileReference; fileEncoding = 4; lastKnownFileType = sourcecode.swift; path = JSONValue.swift; sourceTree = "<group>"; };
		C4A0E9C12783505D005D6662 /* Models.swift */ = {isa = PBXFileReference; fileEncoding = 4; lastKnownFileType = sourcecode.swift; path = Models.swift; sourceTree = "<group>"; };
		C4A0E9C22783505D005D6662 /* Extensions.swift */ = {isa = PBXFileReference; fileEncoding = 4; lastKnownFileType = sourcecode.swift; path = Extensions.swift; sourceTree = "<group>"; };
		C4A0E9C32783505D005D6662 /* APIs.swift */ = {isa = PBXFileReference; fileEncoding = 4; lastKnownFileType = sourcecode.swift; path = APIs.swift; sourceTree = "<group>"; };
		C4A0E9C52783505D005D6662 /* Configuration.swift */ = {isa = PBXFileReference; fileEncoding = 4; lastKnownFileType = sourcecode.swift; path = Configuration.swift; sourceTree = "<group>"; };
		C4A0E9C62783505D005D6662 /* CodableHelper.swift */ = {isa = PBXFileReference; fileEncoding = 4; lastKnownFileType = sourcecode.swift; path = CodableHelper.swift; sourceTree = "<group>"; };
		C4A0E9C72783505D005D6662 /* JSONEncodableEncoding.swift */ = {isa = PBXFileReference; fileEncoding = 4; lastKnownFileType = sourcecode.swift; path = JSONEncodableEncoding.swift; sourceTree = "<group>"; };
		C4A0E9C82783505D005D6662 /* AlamofireImplementations.swift */ = {isa = PBXFileReference; fileEncoding = 4; lastKnownFileType = sourcecode.swift; path = AlamofireImplementations.swift; sourceTree = "<group>"; };
		C4A0E9D4278350C7005D6662 /* AuthGoggleResponse.swift */ = {isa = PBXFileReference; lastKnownFileType = sourcecode.swift; path = AuthGoggleResponse.swift; sourceTree = "<group>"; };
		C4A0E9D6278350E9005D6662 /* User.swift */ = {isa = PBXFileReference; lastKnownFileType = sourcecode.swift; path = User.swift; sourceTree = "<group>"; };
		C4A0E9D8278350FD005D6662 /* Pet.swift */ = {isa = PBXFileReference; lastKnownFileType = sourcecode.swift; path = Pet.swift; sourceTree = "<group>"; };
		C4A0E9DA2783516A005D6662 /* AuthAPI.swift */ = {isa = PBXFileReference; lastKnownFileType = sourcecode.swift; path = AuthAPI.swift; sourceTree = "<group>"; };
/* End PBXFileReference section */

/* Begin PBXFrameworksBuildPhase section */
		C4A0E95F2782DB48005D6662 /* Frameworks */ = {
			isa = PBXFrameworksBuildPhase;
			buildActionMask = 2147483647;
			files = (
				1B927F87CA22CD5C025E3F72 /* Pods_iPet.framework in Frameworks */,
			);
			runOnlyForDeploymentPostprocessing = 0;
		};
/* End PBXFrameworksBuildPhase section */

/* Begin PBXGroup section */
		AD63C7E1DE7D155D0AB3F1F8 /* Pods */ = {
			isa = PBXGroup;
			children = (
				BCDB67425DC14DD1605A7426 /* Pods-iPet.debug.xcconfig */,
				B8BB7D5D564207E8E6D279EA /* Pods-iPet.release.xcconfig */,
			);
			path = Pods;
			sourceTree = "<group>";
		};
		C4A0E9592782DB48005D6662 = {
			isa = PBXGroup;
			children = (
				C4A0E9642782DB48005D6662 /* iPet */,
				C4A0E9632782DB48005D6662 /* Products */,
				AD63C7E1DE7D155D0AB3F1F8 /* Pods */,
				CECE3000E4268E8D7E347DA6 /* Frameworks */,
			);
			sourceTree = "<group>";
		};
		C4A0E9632782DB48005D6662 /* Products */ = {
			isa = PBXGroup;
			children = (
				C4A0E9622782DB48005D6662 /* iPet.app */,
			);
			name = Products;
			sourceTree = "<group>";
		};
		C4A0E9642782DB48005D6662 /* iPet */ = {
			isa = PBXGroup;
			children = (
				C4A0E9BD27834FF7005D6662 /* Network */,
				C4A0E9B527831991005D6662 /* iPet.entitlements */,
				C4A0E97D2782DE64005D6662 /* Common */,
				C4A0E97C2782DE4F005D6662 /* Module */,
				C4A0E97A2782DDDC005D6662 /* Resource */,
				C4A0E9792782DDBD005D6662 /* App */,
			);
			path = iPet;
			sourceTree = "<group>";
		};
		C4A0E9792782DDBD005D6662 /* App */ = {
			isa = PBXGroup;
			children = (
				C4A0E9652782DB48005D6662 /* AppDelegate.swift */,
			);
			path = App;
			sourceTree = "<group>";
		};
		C4A0E97A2782DDDC005D6662 /* Resource */ = {
			isa = PBXGroup;
			children = (
				C4A0E9B627834617005D6662 /* GoogleService-Info.plist */,
				C4A0E99A2782E9BF005D6662 /* R.generated.swift */,
				C4A0E97B2782DE46005D6662 /* Fonts */,
				C4A0E96E2782DB49005D6662 /* Assets.xcassets */,
				C4A0E9732782DB49005D6662 /* Info.plist */,
			);
			path = Resource;
			sourceTree = "<group>";
		};
		C4A0E97B2782DE46005D6662 /* Fonts */ = {
			isa = PBXGroup;
			children = (
				C4A0E99C2782EC0F005D6662 /* MontserratBold.ttf */,
				C4A0E99D2782EC0F005D6662 /* MontserratMedium.ttf */,
				C4A0E99E2782EC0F005D6662 /* MontserratRegular.ttf */,
				C4A0E99F2782EC0F005D6662 /* MontserratSemiBold.ttf */,
			);
			path = Fonts;
			sourceTree = "<group>";
		};
		C4A0E97C2782DE4F005D6662 /* Module */ = {
			isa = PBXGroup;
			children = (
				C4A0E9A42782F2A3005D6662 /* Register */,
				C4A0E98D2782E772005D6662 /* Onboarding */,
				C4A0E97E2782DE94005D6662 /* Launch */,
			);
			path = Module;
			sourceTree = "<group>";
		};
		C4A0E97D2782DE64005D6662 /* Common */ = {
			isa = PBXGroup;
			children = (
				C4A0E9AA2782F521005D6662 /* Extension */,
				C4A0E9972782E91F005D6662 /* Helpers */,
				C4A0E9822782E08C005D6662 /* UI */,
			);
			path = Common;
			sourceTree = "<group>";
		};
		C4A0E97E2782DE94005D6662 /* Launch */ = {
			isa = PBXGroup;
			children = (
				C4A0E9812782E05F005D6662 /* View */,
				C4A0E97F2782DEA6005D6662 /* LaunchViewController.swift */,
			);
			path = Launch;
			sourceTree = "<group>";
		};
		C4A0E9812782E05F005D6662 /* View */ = {
			isa = PBXGroup;
			children = (
				C4A0E98A2782E144005D6662 /* LaunchView.swift */,
			);
			path = View;
			sourceTree = "<group>";
		};
		C4A0E9822782E08C005D6662 /* UI */ = {
			isa = PBXGroup;
			children = (
				C4A0E9932782E844005D6662 /* Controllers */,
			);
			path = UI;
			sourceTree = "<group>";
		};
		C4A0E9832782E093005D6662 /* RootViewController */ = {
			isa = PBXGroup;
			children = (
				C4A0E9872782E0DC005D6662 /* View */,
				C4A0E9842782E0A6005D6662 /* RootViewController.swift */,
			);
			path = RootViewController;
			sourceTree = "<group>";
		};
		C4A0E9872782E0DC005D6662 /* View */ = {
			isa = PBXGroup;
			children = (
				C4A0E9882782E0E4005D6662 /* RootView.swift */,
			);
			path = View;
			sourceTree = "<group>";
		};
		C4A0E98D2782E772005D6662 /* Onboarding */ = {
			isa = PBXGroup;
			children = (
				C4A0E9902782E78D005D6662 /* View */,
				C4A0E98E2782E783005D6662 /* OnboardingViewController.swift */,
			);
			path = Onboarding;
			sourceTree = "<group>";
		};
		C4A0E9902782E78D005D6662 /* View */ = {
			isa = PBXGroup;
			children = (
				C4A0E9912782E79F005D6662 /* OnboardingView.swift */,
			);
			path = View;
			sourceTree = "<group>";
		};
		C4A0E9932782E844005D6662 /* Controllers */ = {
			isa = PBXGroup;
			children = (
				C4A0E9962782E85D005D6662 /* SwipeNavigationController */,
				C4A0E9832782E093005D6662 /* RootViewController */,
			);
			path = Controllers;
			sourceTree = "<group>";
		};
		C4A0E9962782E85D005D6662 /* SwipeNavigationController */ = {
			isa = PBXGroup;
			children = (
				C4A0E9942782E858005D6662 /* SwipeNavigationController.swift */,
			);
			path = SwipeNavigationController;
			sourceTree = "<group>";
		};
		C4A0E9972782E91F005D6662 /* Helpers */ = {
			isa = PBXGroup;
			children = (
				C4A0E9BB27834CC3005D6662 /* Utils.swift */,
				C4A0E9982782E93C005D6662 /* LaunchHelper.swift */,
			);
			path = Helpers;
			sourceTree = "<group>";
		};
		C4A0E9A42782F2A3005D6662 /* Register */ = {
			isa = PBXGroup;
			children = (
				C4A0E9AF2782F844005D6662 /* RegisterUserInput */,
				C4A0E9AE2782F827005D6662 /* SignIn */,
			);
			path = Register;
			sourceTree = "<group>";
		};
		C4A0E9A72782F2BA005D6662 /* View */ = {
			isa = PBXGroup;
			children = (
				C4A0E9A82782F2C6005D6662 /* SignInView.swift */,
			);
			path = View;
			sourceTree = "<group>";
		};
		C4A0E9AA2782F521005D6662 /* Extension */ = {
			isa = PBXGroup;
			children = (
				C4A0E9AB2782F528005D6662 /* UIKit */,
			);
			path = Extension;
			sourceTree = "<group>";
		};
		C4A0E9AB2782F528005D6662 /* UIKit */ = {
			isa = PBXGroup;
			children = (
				C4A0E9AC2782F534005D6662 /* UIColor+Hex.swift */,
			);
			path = UIKit;
			sourceTree = "<group>";
		};
		C4A0E9AE2782F827005D6662 /* SignIn */ = {
			isa = PBXGroup;
			children = (
				C4A0E9B827834ACA005D6662 /* Provider */,
				C4A0E9A72782F2BA005D6662 /* View */,
				C4A0E9A52782F2B3005D6662 /* SignInViewController.swift */,
			);
			path = SignIn;
			sourceTree = "<group>";
		};
		C4A0E9AF2782F844005D6662 /* RegisterUserInput */ = {
			isa = PBXGroup;
			children = (
				C4A0E9B22782F870005D6662 /* View */,
				C4A0E9B02782F85D005D6662 /* RegisterUserInputViewController.swift */,
			);
			path = RegisterUserInput;
			sourceTree = "<group>";
		};
		C4A0E9B22782F870005D6662 /* View */ = {
			isa = PBXGroup;
			children = (
				C4A0E9B32782F87D005D6662 /* RegisterUserInputView.swift */,
			);
			path = View;
			sourceTree = "<group>";
		};
		C4A0E9B827834ACA005D6662 /* Provider */ = {
			isa = PBXGroup;
			children = (
				C4A0E9B927834BBE005D6662 /* SignInProvider.swift */,
			);
			path = Provider;
			sourceTree = "<group>";
		};
		C4A0E9BD27834FF7005D6662 /* Network */ = {
			isa = PBXGroup;
			children = (
				C4A0E9C82783505D005D6662 /* AlamofireImplementations.swift */,
				C4A0E9BF2783505D005D6662 /* APIHelper.swift */,
				C4A0E9C32783505D005D6662 /* APIs.swift */,
				C4A0E9C62783505D005D6662 /* CodableHelper.swift */,
				C4A0E9C52783505D005D6662 /* Configuration.swift */,
				C4A0E9C22783505D005D6662 /* Extensions.swift */,
				C4A0E9C72783505D005D6662 /* JSONEncodableEncoding.swift */,
				C4A0E9BE2783505D005D6662 /* JSONEncodingHelper.swift */,
				C4A0E9C02783505D005D6662 /* JSONValue.swift */,
				C4A0E9C12783505D005D6662 /* Models.swift */,
				C4A0E9C92783505D005D6662 /* APIs */,
				C4A0E9C42783505D005D6662 /* Models */,
			);
			path = Network;
			sourceTree = "<group>";
		};
		C4A0E9C42783505D005D6662 /* Models */ = {
			isa = PBXGroup;
			children = (
				C4A0E9D4278350C7005D6662 /* AuthGoggleResponse.swift */,
				C4A0E9D6278350E9005D6662 /* User.swift */,
				C4A0E9D8278350FD005D6662 /* Pet.swift */,
			);
			path = Models;
			sourceTree = "<group>";
		};
		C4A0E9C92783505D005D6662 /* APIs */ = {
			isa = PBXGroup;
			children = (
				C4A0E9DA2783516A005D6662 /* AuthAPI.swift */,
			);
			path = APIs;
			sourceTree = "<group>";
		};
		CECE3000E4268E8D7E347DA6 /* Frameworks */ = {
			isa = PBXGroup;
			children = (
				137E1A45FC5FB849D6E6C76A /* Pods_iPet.framework */,
			);
			name = Frameworks;
			sourceTree = "<group>";
		};
/* End PBXGroup section */

/* Begin PBXNativeTarget section */
		C4A0E9612782DB48005D6662 /* iPet */ = {
			isa = PBXNativeTarget;
			buildConfigurationList = C4A0E9762782DB49005D6662 /* Build configuration list for PBXNativeTarget "iPet" */;
			buildPhases = (
				33C13FDDA3B0218E01B7011B /* [CP] Check Pods Manifest.lock */,
				C4A0E98C2782E5EB005D6662 /* ShellScript */,
				C4A0E95E2782DB48005D6662 /* Sources */,
				C4A0E95F2782DB48005D6662 /* Frameworks */,
				C4A0E9602782DB48005D6662 /* Resources */,
				44262F7AD0062443EF039BC6 /* [CP] Embed Pods Frameworks */,
			);
			buildRules = (
			);
			dependencies = (
			);
			name = iPet;
			productName = iPet;
			productReference = C4A0E9622782DB48005D6662 /* iPet.app */;
			productType = "com.apple.product-type.application";
		};
/* End PBXNativeTarget section */

/* Begin PBXProject section */
		C4A0E95A2782DB48005D6662 /* Project object */ = {
			isa = PBXProject;
			attributes = {
				BuildIndependentTargetsInParallel = 1;
				LastSwiftUpdateCheck = 1320;
				LastUpgradeCheck = 1320;
				TargetAttributes = {
					C4A0E9612782DB48005D6662 = {
						CreatedOnToolsVersion = 13.2.1;
					};
				};
			};
			buildConfigurationList = C4A0E95D2782DB48005D6662 /* Build configuration list for PBXProject "iPet" */;
			compatibilityVersion = "Xcode 13.0";
			developmentRegion = en;
			hasScannedForEncodings = 0;
			knownRegions = (
				en,
				Base,
			);
			mainGroup = C4A0E9592782DB48005D6662;
			productRefGroup = C4A0E9632782DB48005D6662 /* Products */;
			projectDirPath = "";
			projectRoot = "";
			targets = (
				C4A0E9612782DB48005D6662 /* iPet */,
			);
		};
/* End PBXProject section */

/* Begin PBXResourcesBuildPhase section */
		C4A0E9602782DB48005D6662 /* Resources */ = {
			isa = PBXResourcesBuildPhase;
			buildActionMask = 2147483647;
			files = (
				C4A0E9A12782EC0F005D6662 /* MontserratMedium.ttf in Resources */,
				C4A0E9A02782EC0F005D6662 /* MontserratBold.ttf in Resources */,
				C4A0E9A22782EC0F005D6662 /* MontserratRegular.ttf in Resources */,
				C4A0E96F2782DB49005D6662 /* Assets.xcassets in Resources */,
				C4A0E9A32782EC0F005D6662 /* MontserratSemiBold.ttf in Resources */,
				C4A0E9B727834617005D6662 /* GoogleService-Info.plist in Resources */,
			);
			runOnlyForDeploymentPostprocessing = 0;
		};
/* End PBXResourcesBuildPhase section */

/* Begin PBXShellScriptBuildPhase section */
		33C13FDDA3B0218E01B7011B /* [CP] Check Pods Manifest.lock */ = {
			isa = PBXShellScriptBuildPhase;
			buildActionMask = 2147483647;
			files = (
			);
			inputFileListPaths = (
			);
			inputPaths = (
				"${PODS_PODFILE_DIR_PATH}/Podfile.lock",
				"${PODS_ROOT}/Manifest.lock",
			);
			name = "[CP] Check Pods Manifest.lock";
			outputFileListPaths = (
			);
			outputPaths = (
				"$(DERIVED_FILE_DIR)/Pods-iPet-checkManifestLockResult.txt",
			);
			runOnlyForDeploymentPostprocessing = 0;
			shellPath = /bin/sh;
			shellScript = "diff \"${PODS_PODFILE_DIR_PATH}/Podfile.lock\" \"${PODS_ROOT}/Manifest.lock\" > /dev/null\nif [ $? != 0 ] ; then\n    # print error to STDERR\n    echo \"error: The sandbox is not in sync with the Podfile.lock. Run 'pod install' or update your CocoaPods installation.\" >&2\n    exit 1\nfi\n# This output is used by Xcode 'outputs' to avoid re-running this script phase.\necho \"SUCCESS\" > \"${SCRIPT_OUTPUT_FILE_0}\"\n";
			showEnvVarsInLog = 0;
		};
		44262F7AD0062443EF039BC6 /* [CP] Embed Pods Frameworks */ = {
			isa = PBXShellScriptBuildPhase;
			buildActionMask = 2147483647;
			files = (
			);
			inputFileListPaths = (
				"${PODS_ROOT}/Target Support Files/Pods-iPet/Pods-iPet-frameworks-${CONFIGURATION}-input-files.xcfilelist",
			);
			name = "[CP] Embed Pods Frameworks";
			outputFileListPaths = (
				"${PODS_ROOT}/Target Support Files/Pods-iPet/Pods-iPet-frameworks-${CONFIGURATION}-output-files.xcfilelist",
			);
			runOnlyForDeploymentPostprocessing = 0;
			shellPath = /bin/sh;
			shellScript = "\"${PODS_ROOT}/Target Support Files/Pods-iPet/Pods-iPet-frameworks.sh\"\n";
			showEnvVarsInLog = 0;
		};
		C4A0E98C2782E5EB005D6662 /* ShellScript */ = {
			isa = PBXShellScriptBuildPhase;
			buildActionMask = 2147483647;
			files = (
			);
			inputFileListPaths = (
			);
			inputPaths = (
				"$TEMP_DIR/rswift-lastrun",
			);
			outputFileListPaths = (
			);
			outputPaths = (
				$SRCROOT/$PROJECT_NAME/Resource/R.generated.swift,
			);
			runOnlyForDeploymentPostprocessing = 0;
			shellPath = /bin/sh;
			shellScript = "\"$PODS_ROOT/R.swift/rswift\" generate \"$SRCROOT/$PROJECT_NAME/Resource/R.generated.swift\"\n";
		};
/* End PBXShellScriptBuildPhase section */

/* Begin PBXSourcesBuildPhase section */
		C4A0E95E2782DB48005D6662 /* Sources */ = {
			isa = PBXSourcesBuildPhase;
			buildActionMask = 2147483647;
			files = (
				C4A0E9B42782F87D005D6662 /* RegisterUserInputView.swift in Sources */,
				C4A0E9892782E0E4005D6662 /* RootView.swift in Sources */,
				C4A0E9DB2783516A005D6662 /* AuthAPI.swift in Sources */,
				C4A0E9BA27834BBE005D6662 /* SignInProvider.swift in Sources */,
				C4A0E9A62782F2B3005D6662 /* SignInViewController.swift in Sources */,
				C4A0E98F2782E783005D6662 /* OnboardingViewController.swift in Sources */,
				C4A0E9CB2783505D005D6662 /* APIHelper.swift in Sources */,
				C4A0E9D02783505D005D6662 /* Configuration.swift in Sources */,
				C4A0E9CD2783505D005D6662 /* Models.swift in Sources */,
				C4A0E9D7278350E9005D6662 /* User.swift in Sources */,
				C4A0E98B2782E144005D6662 /* LaunchView.swift in Sources */,
				C4A0E9662782DB48005D6662 /* AppDelegate.swift in Sources */,
				C4A0E9CE2783505D005D6662 /* Extensions.swift in Sources */,
				C4A0E9802782DEA6005D6662 /* LaunchViewController.swift in Sources */,
				C4A0E9CC2783505D005D6662 /* JSONValue.swift in Sources */,
				C4A0E9852782E0A6005D6662 /* RootViewController.swift in Sources */,
				C4A0E9D9278350FD005D6662 /* Pet.swift in Sources */,
				C4A0E9BC27834CC3005D6662 /* Utils.swift in Sources */,
				C4A0E9D32783505D005D6662 /* AlamofireImplementations.swift in Sources */,
				C4A0E9B12782F85D005D6662 /* RegisterUserInputViewController.swift in Sources */,
				C4A0E9992782E93C005D6662 /* LaunchHelper.swift in Sources */,
				C4A0E99B2782E9BF005D6662 /* R.generated.swift in Sources */,
				C4A0E9AD2782F534005D6662 /* UIColor+Hex.swift in Sources */,
				C4A0E9CA2783505D005D6662 /* JSONEncodingHelper.swift in Sources */,
				C4A0E9D22783505D005D6662 /* JSONEncodableEncoding.swift in Sources */,
				C4A0E9CF2783505D005D6662 /* APIs.swift in Sources */,
				C4A0E9A92782F2C6005D6662 /* SignInView.swift in Sources */,
				C4A0E9952782E858005D6662 /* SwipeNavigationController.swift in Sources */,
				C4A0E9D5278350C7005D6662 /* AuthGoggleResponse.swift in Sources */,
				C4A0E9D12783505D005D6662 /* CodableHelper.swift in Sources */,
				C4A0E9922782E79F005D6662 /* OnboardingView.swift in Sources */,
			);
			runOnlyForDeploymentPostprocessing = 0;
		};
/* End PBXSourcesBuildPhase section */

/* Begin XCBuildConfiguration section */
		C4A0E9742782DB49005D6662 /* Debug */ = {
			isa = XCBuildConfiguration;
			buildSettings = {
				ALWAYS_SEARCH_USER_PATHS = NO;
				CLANG_ANALYZER_NONNULL = YES;
				CLANG_ANALYZER_NUMBER_OBJECT_CONVERSION = YES_AGGRESSIVE;
				CLANG_CXX_LANGUAGE_STANDARD = "gnu++17";
				CLANG_CXX_LIBRARY = "libc++";
				CLANG_ENABLE_MODULES = YES;
				CLANG_ENABLE_OBJC_ARC = YES;
				CLANG_ENABLE_OBJC_WEAK = YES;
				CLANG_WARN_BLOCK_CAPTURE_AUTORELEASING = YES;
				CLANG_WARN_BOOL_CONVERSION = YES;
				CLANG_WARN_COMMA = YES;
				CLANG_WARN_CONSTANT_CONVERSION = YES;
				CLANG_WARN_DEPRECATED_OBJC_IMPLEMENTATIONS = YES;
				CLANG_WARN_DIRECT_OBJC_ISA_USAGE = YES_ERROR;
				CLANG_WARN_DOCUMENTATION_COMMENTS = YES;
				CLANG_WARN_EMPTY_BODY = YES;
				CLANG_WARN_ENUM_CONVERSION = YES;
				CLANG_WARN_INFINITE_RECURSION = YES;
				CLANG_WARN_INT_CONVERSION = YES;
				CLANG_WARN_NON_LITERAL_NULL_CONVERSION = YES;
				CLANG_WARN_OBJC_IMPLICIT_RETAIN_SELF = YES;
				CLANG_WARN_OBJC_LITERAL_CONVERSION = YES;
				CLANG_WARN_OBJC_ROOT_CLASS = YES_ERROR;
				CLANG_WARN_QUOTED_INCLUDE_IN_FRAMEWORK_HEADER = YES;
				CLANG_WARN_RANGE_LOOP_ANALYSIS = YES;
				CLANG_WARN_STRICT_PROTOTYPES = YES;
				CLANG_WARN_SUSPICIOUS_MOVE = YES;
				CLANG_WARN_UNGUARDED_AVAILABILITY = YES_AGGRESSIVE;
				CLANG_WARN_UNREACHABLE_CODE = YES;
				CLANG_WARN__DUPLICATE_METHOD_MATCH = YES;
				COPY_PHASE_STRIP = NO;
				DEBUG_INFORMATION_FORMAT = dwarf;
				ENABLE_STRICT_OBJC_MSGSEND = YES;
				ENABLE_TESTABILITY = YES;
				GCC_C_LANGUAGE_STANDARD = gnu11;
				GCC_DYNAMIC_NO_PIC = NO;
				GCC_NO_COMMON_BLOCKS = YES;
				GCC_OPTIMIZATION_LEVEL = 0;
				GCC_PREPROCESSOR_DEFINITIONS = (
					"DEBUG=1",
					"$(inherited)",
				);
				GCC_WARN_64_TO_32_BIT_CONVERSION = YES;
				GCC_WARN_ABOUT_RETURN_TYPE = YES_ERROR;
				GCC_WARN_UNDECLARED_SELECTOR = YES;
				GCC_WARN_UNINITIALIZED_AUTOS = YES_AGGRESSIVE;
				GCC_WARN_UNUSED_FUNCTION = YES;
				GCC_WARN_UNUSED_VARIABLE = YES;
				IPHONEOS_DEPLOYMENT_TARGET = 13.2;
				MTL_ENABLE_DEBUG_INFO = INCLUDE_SOURCE;
				MTL_FAST_MATH = YES;
				ONLY_ACTIVE_ARCH = YES;
				SDKROOT = iphoneos;
				SWIFT_ACTIVE_COMPILATION_CONDITIONS = DEBUG;
				SWIFT_OPTIMIZATION_LEVEL = "-Onone";
			};
			name = Debug;
		};
		C4A0E9752782DB49005D6662 /* Release */ = {
			isa = XCBuildConfiguration;
			buildSettings = {
				ALWAYS_SEARCH_USER_PATHS = NO;
				CLANG_ANALYZER_NONNULL = YES;
				CLANG_ANALYZER_NUMBER_OBJECT_CONVERSION = YES_AGGRESSIVE;
				CLANG_CXX_LANGUAGE_STANDARD = "gnu++17";
				CLANG_CXX_LIBRARY = "libc++";
				CLANG_ENABLE_MODULES = YES;
				CLANG_ENABLE_OBJC_ARC = YES;
				CLANG_ENABLE_OBJC_WEAK = YES;
				CLANG_WARN_BLOCK_CAPTURE_AUTORELEASING = YES;
				CLANG_WARN_BOOL_CONVERSION = YES;
				CLANG_WARN_COMMA = YES;
				CLANG_WARN_CONSTANT_CONVERSION = YES;
				CLANG_WARN_DEPRECATED_OBJC_IMPLEMENTATIONS = YES;
				CLANG_WARN_DIRECT_OBJC_ISA_USAGE = YES_ERROR;
				CLANG_WARN_DOCUMENTATION_COMMENTS = YES;
				CLANG_WARN_EMPTY_BODY = YES;
				CLANG_WARN_ENUM_CONVERSION = YES;
				CLANG_WARN_INFINITE_RECURSION = YES;
				CLANG_WARN_INT_CONVERSION = YES;
				CLANG_WARN_NON_LITERAL_NULL_CONVERSION = YES;
				CLANG_WARN_OBJC_IMPLICIT_RETAIN_SELF = YES;
				CLANG_WARN_OBJC_LITERAL_CONVERSION = YES;
				CLANG_WARN_OBJC_ROOT_CLASS = YES_ERROR;
				CLANG_WARN_QUOTED_INCLUDE_IN_FRAMEWORK_HEADER = YES;
				CLANG_WARN_RANGE_LOOP_ANALYSIS = YES;
				CLANG_WARN_STRICT_PROTOTYPES = YES;
				CLANG_WARN_SUSPICIOUS_MOVE = YES;
				CLANG_WARN_UNGUARDED_AVAILABILITY = YES_AGGRESSIVE;
				CLANG_WARN_UNREACHABLE_CODE = YES;
				CLANG_WARN__DUPLICATE_METHOD_MATCH = YES;
				COPY_PHASE_STRIP = NO;
				DEBUG_INFORMATION_FORMAT = "dwarf-with-dsym";
				ENABLE_NS_ASSERTIONS = NO;
				ENABLE_STRICT_OBJC_MSGSEND = YES;
				GCC_C_LANGUAGE_STANDARD = gnu11;
				GCC_NO_COMMON_BLOCKS = YES;
				GCC_WARN_64_TO_32_BIT_CONVERSION = YES;
				GCC_WARN_ABOUT_RETURN_TYPE = YES_ERROR;
				GCC_WARN_UNDECLARED_SELECTOR = YES;
				GCC_WARN_UNINITIALIZED_AUTOS = YES_AGGRESSIVE;
				GCC_WARN_UNUSED_FUNCTION = YES;
				GCC_WARN_UNUSED_VARIABLE = YES;
				IPHONEOS_DEPLOYMENT_TARGET = 13.2;
				MTL_ENABLE_DEBUG_INFO = NO;
				MTL_FAST_MATH = YES;
				SDKROOT = iphoneos;
				SWIFT_COMPILATION_MODE = wholemodule;
				SWIFT_OPTIMIZATION_LEVEL = "-O";
				VALIDATE_PRODUCT = YES;
			};
			name = Release;
		};
		C4A0E9772782DB49005D6662 /* Debug */ = {
			isa = XCBuildConfiguration;
			baseConfigurationReference = BCDB67425DC14DD1605A7426 /* Pods-iPet.debug.xcconfig */;
			buildSettings = {
				ASSETCATALOG_COMPILER_APPICON_NAME = AppIcon;
				ASSETCATALOG_COMPILER_GLOBAL_ACCENT_COLOR_NAME = AccentColor;
				CODE_SIGN_ENTITLEMENTS = iPet/iPet.entitlements;
				CODE_SIGN_STYLE = Automatic;
				CURRENT_PROJECT_VERSION = 1;
				DEVELOPMENT_TEAM = EU9TQLF5BQ;
				GENERATE_INFOPLIST_FILE = YES;
				INFOPLIST_FILE = iPet/Resource/Info.plist;
				INFOPLIST_KEY_CFBundleDisplayName = iPet;
				INFOPLIST_KEY_UIApplicationSupportsIndirectInputEvents = YES;
				INFOPLIST_KEY_UILaunchStoryboardName = LaunchViewController;
				INFOPLIST_KEY_UISupportedInterfaceOrientations = UIInterfaceOrientationPortrait;
				INFOPLIST_KEY_UISupportedInterfaceOrientations_iPad = "UIInterfaceOrientationPortrait UIInterfaceOrientationPortraitUpsideDown UIInterfaceOrientationLandscapeLeft UIInterfaceOrientationLandscapeRight";
				INFOPLIST_KEY_UISupportedInterfaceOrientations_iPhone = "UIInterfaceOrientationPortrait UIInterfaceOrientationLandscapeLeft UIInterfaceOrientationLandscapeRight";
				LD_RUNPATH_SEARCH_PATHS = (
					"$(inherited)",
					"@executable_path/Frameworks",
				);
				MARKETING_VERSION = 1.0;
				PRODUCT_BUNDLE_IDENTIFIER = com.abs.ipet;
				PRODUCT_NAME = "$(TARGET_NAME)";
				SWIFT_EMIT_LOC_STRINGS = YES;
				SWIFT_VERSION = 5.0;
				TARGETED_DEVICE_FAMILY = 1;
			};
			name = Debug;
		};
		C4A0E9782782DB49005D6662 /* Release */ = {
			isa = XCBuildConfiguration;
			baseConfigurationReference = B8BB7D5D564207E8E6D279EA /* Pods-iPet.release.xcconfig */;
			buildSettings = {
				ASSETCATALOG_COMPILER_APPICON_NAME = AppIcon;
				ASSETCATALOG_COMPILER_GLOBAL_ACCENT_COLOR_NAME = AccentColor;
				CODE_SIGN_ENTITLEMENTS = iPet/iPet.entitlements;
				CODE_SIGN_STYLE = Automatic;
				CURRENT_PROJECT_VERSION = 1;
				DEVELOPMENT_TEAM = EU9TQLF5BQ;
				GENERATE_INFOPLIST_FILE = YES;
				INFOPLIST_FILE = iPet/Resource/Info.plist;
				INFOPLIST_KEY_CFBundleDisplayName = iPet;
				INFOPLIST_KEY_UIApplicationSupportsIndirectInputEvents = YES;
				INFOPLIST_KEY_UILaunchStoryboardName = LaunchViewController;
				INFOPLIST_KEY_UISupportedInterfaceOrientations = UIInterfaceOrientationPortrait;
				INFOPLIST_KEY_UISupportedInterfaceOrientations_iPad = "UIInterfaceOrientationPortrait UIInterfaceOrientationPortraitUpsideDown UIInterfaceOrientationLandscapeLeft UIInterfaceOrientationLandscapeRight";
				INFOPLIST_KEY_UISupportedInterfaceOrientations_iPhone = "UIInterfaceOrientationPortrait UIInterfaceOrientationLandscapeLeft UIInterfaceOrientationLandscapeRight";
				LD_RUNPATH_SEARCH_PATHS = (
					"$(inherited)",
					"@executable_path/Frameworks",
				);
				MARKETING_VERSION = 1.0;
				PRODUCT_BUNDLE_IDENTIFIER = com.abs.ipet;
				PRODUCT_NAME = "$(TARGET_NAME)";
				SWIFT_EMIT_LOC_STRINGS = YES;
				SWIFT_VERSION = 5.0;
				TARGETED_DEVICE_FAMILY = 1;
			};
			name = Release;
		};
/* End XCBuildConfiguration section */

/* Begin XCConfigurationList section */
		C4A0E95D2782DB48005D6662 /* Build configuration list for PBXProject "iPet" */ = {
			isa = XCConfigurationList;
			buildConfigurations = (
				C4A0E9742782DB49005D6662 /* Debug */,
				C4A0E9752782DB49005D6662 /* Release */,
			);
			defaultConfigurationIsVisible = 0;
			defaultConfigurationName = Release;
		};
		C4A0E9762782DB49005D6662 /* Build configuration list for PBXNativeTarget "iPet" */ = {
			isa = XCConfigurationList;
			buildConfigurations = (
				C4A0E9772782DB49005D6662 /* Debug */,
				C4A0E9782782DB49005D6662 /* Release */,
			);
			defaultConfigurationIsVisible = 0;
			defaultConfigurationName = Release;
		};
/* End XCConfigurationList section */
	};
	rootObject = C4A0E95A2782DB48005D6662 /* Project object */;
}
