// !$*UTF8*$!
{
	archiveVersion = 1;
	classes = {
	};
	objectVersion = 55;
	objects = {

/* Begin PBXBuildFile section */
		1B927F87CA22CD5C025E3F72 /* Pods_iPet.framework in Frameworks */ = {isa = PBXBuildFile; fileRef = 137E1A45FC5FB849D6E6C76A /* Pods_iPet.framework */; };
		9C6F3F702854D88B009A1C4F /* ProfileViewController.swift in Sources */ = {isa = PBXBuildFile; fileRef = 9C6F3F6E2854D88B009A1C4F /* ProfileViewController.swift */; };
		9C6F3F712854D88B009A1C4F /* ProfileView.swift in Sources */ = {isa = PBXBuildFile; fileRef = 9C6F3F6F2854D88B009A1C4F /* ProfileView.swift */; };
		9C6F3F862855E226009A1C4F /* UserMetricView.swift in Sources */ = {isa = PBXBuildFile; fileRef = 9C6F3F852855E226009A1C4F /* UserMetricView.swift */; };
		9C6F3F882855E302009A1C4F /* UIStackView + Init.swift in Sources */ = {isa = PBXBuildFile; fileRef = 9C6F3F872855E302009A1C4F /* UIStackView + Init.swift */; };
		9C6F3F8B2855E553009A1C4F /* UserSettingContentView.swift in Sources */ = {isa = PBXBuildFile; fileRef = 9C6F3F8A2855E553009A1C4F /* UserSettingContentView.swift */; };
		9C6F3F8D2855EF35009A1C4F /* AppSettingsView.swift in Sources */ = {isa = PBXBuildFile; fileRef = 9C6F3F8C2855EF35009A1C4F /* AppSettingsView.swift */; };
		9C6F3F902855EF71009A1C4F /* AppSettingsContentView.swift in Sources */ = {isa = PBXBuildFile; fileRef = 9C6F3F8F2855EF71009A1C4F /* AppSettingsContentView.swift */; };
		9C6F3F922856007A009A1C4F /* GradientView.swift in Sources */ = {isa = PBXBuildFile; fileRef = 9C6F3F912856007A009A1C4F /* GradientView.swift */; };
		9C6F3F942856020D009A1C4F /* HeaderProfileView.swift in Sources */ = {isa = PBXBuildFile; fileRef = 9C6F3F932856020D009A1C4F /* HeaderProfileView.swift */; };
		9C6F3F9D2856199D009A1C4F /* AnimalPhotoView.swift in Sources */ = {isa = PBXBuildFile; fileRef = 9C6F3F9C2856199D009A1C4F /* AnimalPhotoView.swift */; };
		9C6F3FB92859F2E6009A1C4F /* GenderView.swift in Sources */ = {isa = PBXBuildFile; fileRef = 9C6F3FB82859F2E6009A1C4F /* GenderView.swift */; };
		9C6F3FBB2859FBDD009A1C4F /* LanguageSetting.swift in Sources */ = {isa = PBXBuildFile; fileRef = 9C6F3FBA2859FBDD009A1C4F /* LanguageSetting.swift */; };
		9C6F3FBD2859FE1F009A1C4F /* RecallView.swift in Sources */ = {isa = PBXBuildFile; fileRef = 9C6F3FBC2859FE1F009A1C4F /* RecallView.swift */; };
		9C6F3FBF285A0140009A1C4F /* SocialNetworksView.swift in Sources */ = {isa = PBXBuildFile; fileRef = 9C6F3FBE285A0140009A1C4F /* SocialNetworksView.swift */; };
		9C6F3FC1285A1943009A1C4F /* ExitAccountView.swift in Sources */ = {isa = PBXBuildFile; fileRef = 9C6F3FC0285A1943009A1C4F /* ExitAccountView.swift */; };
		9C6F3FC4285A1C90009A1C4F /* ExitAccountContainerView.swift in Sources */ = {isa = PBXBuildFile; fileRef = 9C6F3FC3285A1C90009A1C4F /* ExitAccountContainerView.swift */; };
		9CC906D9285BAB1A00BE8F06 /* ProfileContentView.swift in Sources */ = {isa = PBXBuildFile; fileRef = 9CC906D8285BAB1A00BE8F06 /* ProfileContentView.swift */; };
		C4024EB427915A0A00248854 /* UserPetUserPetIdRequest.swift in Sources */ = {isa = PBXBuildFile; fileRef = C4024EB327915A0A00248854 /* UserPetUserPetIdRequest.swift */; };
		C4024EB627915B5500248854 /* OkResponse.swift in Sources */ = {isa = PBXBuildFile; fileRef = C4024EB527915B5500248854 /* OkResponse.swift */; };
		C4024EB92791726200248854 /* RegisterStepsInputProvider.swift in Sources */ = {isa = PBXBuildFile; fileRef = C4024EB82791726200248854 /* RegisterStepsInputProvider.swift */; };
		C4024EBB27917C1B00248854 /* UserPet.swift in Sources */ = {isa = PBXBuildFile; fileRef = C4024EBA27917C1B00248854 /* UserPet.swift */; };
		C4190F3B2786E6DD00C005C7 /* RegisterUserInputProvider.swift in Sources */ = {isa = PBXBuildFile; fileRef = C4190F3A2786E6DD00C005C7 /* RegisterUserInputProvider.swift */; };
		C4190F3D2786E7B300C005C7 /* UserAPI.swift in Sources */ = {isa = PBXBuildFile; fileRef = C4190F3C2786E7B300C005C7 /* UserAPI.swift */; };
		C4190F3F2786E89E00C005C7 /* UserCheckUsernameResponse.swift in Sources */ = {isa = PBXBuildFile; fileRef = C4190F3E2786E89E00C005C7 /* UserCheckUsernameResponse.swift */; };
		C4190F412786E91300C005C7 /* ModelError.swift in Sources */ = {isa = PBXBuildFile; fileRef = C4190F402786E91300C005C7 /* ModelError.swift */; };
		C4190F4327888A8000C005C7 /* UserUsernameTranslitResponse.swift in Sources */ = {isa = PBXBuildFile; fileRef = C4190F4227888A8000C005C7 /* UserUsernameTranslitResponse.swift */; };
		C4190F4627888B4200C005C7 /* RegisterInputView.swift in Sources */ = {isa = PBXBuildFile; fileRef = C4190F4527888B4200C005C7 /* RegisterInputView.swift */; };
		C4190F4827888CF800C005C7 /* Animations.swift in Sources */ = {isa = PBXBuildFile; fileRef = C4190F4727888CF800C005C7 /* Animations.swift */; };
		C4190F4C2788944400C005C7 /* UserCheckUsernameRequest.swift in Sources */ = {isa = PBXBuildFile; fileRef = C4190F4B2788944400C005C7 /* UserCheckUsernameRequest.swift */; };
		C4190F4E2788947500C005C7 /* UserUsernameTranslitRequest.swift in Sources */ = {isa = PBXBuildFile; fileRef = C4190F4D2788947500C005C7 /* UserUsernameTranslitRequest.swift */; };
		C4190F50278899AB00C005C7 /* UserMeRequest.swift in Sources */ = {isa = PBXBuildFile; fileRef = C4190F4F278899AB00C005C7 /* UserMeRequest.swift */; };
		C41E1D8A27A27A5700AA773B /* AppleSignInService.swift in Sources */ = {isa = PBXBuildFile; fileRef = C41E1D8927A27A5700AA773B /* AppleSignInService.swift */; };
		C41E1D8C27A27BA700AA773B /* GoogleSignInService.swift in Sources */ = {isa = PBXBuildFile; fileRef = C41E1D8B27A27BA700AA773B /* GoogleSignInService.swift */; };
		C41E1D9027A27F1300AA773B /* KeychainService.swift in Sources */ = {isa = PBXBuildFile; fileRef = C41E1D8F27A27F1300AA773B /* KeychainService.swift */; };
		C41E1D9427A27F4600AA773B /* AuthService.swift in Sources */ = {isa = PBXBuildFile; fileRef = C41E1D9327A27F4600AA773B /* AuthService.swift */; };
		C41E1D9727A27F7F00AA773B /* ServiceLocator.swift in Sources */ = {isa = PBXBuildFile; fileRef = C41E1D9627A27F7F00AA773B /* ServiceLocator.swift */; };
		C41E1D9927A27F8B00AA773B /* Autowired.swift in Sources */ = {isa = PBXBuildFile; fileRef = C41E1D9827A27F8B00AA773B /* Autowired.swift */; };
		C41E1D9B27A27FBA00AA773B /* LoggerService.swift in Sources */ = {isa = PBXBuildFile; fileRef = C41E1D9A27A27FBA00AA773B /* LoggerService.swift */; };
		C41E1D9D27A27FEE00AA773B /* Bundle+Version.swift in Sources */ = {isa = PBXBuildFile; fileRef = C41E1D9C27A27FEE00AA773B /* Bundle+Version.swift */; };
		C41E1DA027A2802D00AA773B /* Constants.swift in Sources */ = {isa = PBXBuildFile; fileRef = C41E1D9F27A2802D00AA773B /* Constants.swift */; };
		C41E1DA227A2805200AA773B /* Bundle+Current.swift in Sources */ = {isa = PBXBuildFile; fileRef = C41E1DA127A2805200AA773B /* Bundle+Current.swift */; };
		C41E1DA527A284EA00AA773B /* TabBarController.swift in Sources */ = {isa = PBXBuildFile; fileRef = C41E1DA427A284EA00AA773B /* TabBarController.swift */; };
		C41E1DA827A2886800AA773B /* HealthKit.framework in Frameworks */ = {isa = PBXBuildFile; fileRef = C41E1DA727A2886800AA773B /* HealthKit.framework */; };
		C4242DB7279000BA002B99E9 /* UserAvatarResponse.swift in Sources */ = {isa = PBXBuildFile; fileRef = C4242DB6279000BA002B99E9 /* UserAvatarResponse.swift */; };
		C4242DBA27900AA8002B99E9 /* RegisterStepsInputViewController.swift in Sources */ = {isa = PBXBuildFile; fileRef = C4242DB927900AA8002B99E9 /* RegisterStepsInputViewController.swift */; };
		C4242DBD27900AC3002B99E9 /* RegisterStepsInputView.swift in Sources */ = {isa = PBXBuildFile; fileRef = C4242DBC27900AC3002B99E9 /* RegisterStepsInputView.swift */; };
		C4242DC027900B10002B99E9 /* RegisterPickPetViewController.swift in Sources */ = {isa = PBXBuildFile; fileRef = C4242DBF27900B10002B99E9 /* RegisterPickPetViewController.swift */; };
		C4242DC327900B2A002B99E9 /* RegisterPickPetView.swift in Sources */ = {isa = PBXBuildFile; fileRef = C4242DC227900B2A002B99E9 /* RegisterPickPetView.swift */; };
		C4242DC627900E0B002B99E9 /* PetAPI.swift in Sources */ = {isa = PBXBuildFile; fileRef = C4242DC527900E0B002B99E9 /* PetAPI.swift */; };
		C4242DC927900E5F002B99E9 /* RegisterPickPetProvider.swift in Sources */ = {isa = PBXBuildFile; fileRef = C4242DC827900E5F002B99E9 /* RegisterPickPetProvider.swift */; };
		C4242DCB27900F83002B99E9 /* PetRandomNameResponse.swift in Sources */ = {isa = PBXBuildFile; fileRef = C4242DCA27900F83002B99E9 /* PetRandomNameResponse.swift */; };
		C4242DCD279025BE002B99E9 /* PetAnimation.swift in Sources */ = {isa = PBXBuildFile; fileRef = C4242DCC279025BE002B99E9 /* PetAnimation.swift */; };
		C4242DD0279029BB002B99E9 /* LoadingState.swift in Sources */ = {isa = PBXBuildFile; fileRef = C4242DCF279029BB002B99E9 /* LoadingState.swift */; };
		C4242DD427902A1F002B99E9 /* PetSectionModel.swift in Sources */ = {isa = PBXBuildFile; fileRef = C4242DD327902A1F002B99E9 /* PetSectionModel.swift */; };
		C4242DD627902A9E002B99E9 /* RegisterPetSectionController.swift in Sources */ = {isa = PBXBuildFile; fileRef = C4242DD527902A9E002B99E9 /* RegisterPetSectionController.swift */; };
		C4242DDD27902BB7002B99E9 /* ListCollectionContext+Dequeue.swift in Sources */ = {isa = PBXBuildFile; fileRef = C4242DDC27902BB7002B99E9 /* ListCollectionContext+Dequeue.swift */; };
		C4242DDF279031B9002B99E9 /* PetResponse.swift in Sources */ = {isa = PBXBuildFile; fileRef = C4242DDE279031B9002B99E9 /* PetResponse.swift */; };
		C4242DE1279087CC002B99E9 /* RegisterPickPetCell.swift in Sources */ = {isa = PBXBuildFile; fileRef = C4242DE0279087CC002B99E9 /* RegisterPickPetCell.swift */; };
		C4242DE4279095D5002B99E9 /* PagingFlowLayout.swift in Sources */ = {isa = PBXBuildFile; fileRef = C4242DE3279095D5002B99E9 /* PagingFlowLayout.swift */; };
		C42624A828546818001EF653 /* VisualEffectView.swift in Sources */ = {isa = PBXBuildFile; fileRef = C42624A728546817001EF653 /* VisualEffectView.swift */; };
		C42624AB2854691A001EF653 /* String+Base64.swift in Sources */ = {isa = PBXBuildFile; fileRef = C42624AA2854691A001EF653 /* String+Base64.swift */; };
		C42624AE28547167001EF653 /* PetState.swift in Sources */ = {isa = PBXBuildFile; fileRef = C42624AD28547167001EF653 /* PetState.swift */; };
		C42624B0285472FA001EF653 /* ActiveStatus.swift in Sources */ = {isa = PBXBuildFile; fileRef = C42624AF285472FA001EF653 /* ActiveStatus.swift */; };
		C42B9AC427BD03FE0095E795 /* AnimatedPetView.swift in Sources */ = {isa = PBXBuildFile; fileRef = C42B9AC327BD03FE0095E795 /* AnimatedPetView.swift */; };
		C485FBF627BCB8CD0057C290 /* APIGeneralResponse.swift in Sources */ = {isa = PBXBuildFile; fileRef = C485FBF527BCB8CD0057C290 /* APIGeneralResponse.swift */; };
		C485FBF827BCB8E70057C290 /* Stats.swift in Sources */ = {isa = PBXBuildFile; fileRef = C485FBF727BCB8E70057C290 /* Stats.swift */; };
		C485FBFA27BCB8FA0057C290 /* HoursStat.swift in Sources */ = {isa = PBXBuildFile; fileRef = C485FBF927BCB8FA0057C290 /* HoursStat.swift */; };
		C485FBFC27BCB9180057C290 /* GeneralAPI.swift in Sources */ = {isa = PBXBuildFile; fileRef = C485FBFB27BCB9180057C290 /* GeneralAPI.swift */; };
		C489F83F27A994D700354C1F /* UIDevice+Model.swift in Sources */ = {isa = PBXBuildFile; fileRef = C489F83E27A994D700354C1F /* UIDevice+Model.swift */; };
		C48D2929278369DA00BC23F2 /* UIView+Underlined.swift in Sources */ = {isa = PBXBuildFile; fileRef = C48D2928278369DA00BC23F2 /* UIView+Underlined.swift */; };
		C48D292B278372BD00BC23F2 /* UIViewController+HideKeyboard.swift in Sources */ = {isa = PBXBuildFile; fileRef = C48D292A278372BD00BC23F2 /* UIViewController+HideKeyboard.swift */; };
		C48D6FDC28449B37009D36EE /* UserConfig.swift in Sources */ = {isa = PBXBuildFile; fileRef = C48D6FDB28449B37009D36EE /* UserConfig.swift */; };
		C48D6FDE2844A4EA009D36EE /* AchivmentsView.swift in Sources */ = {isa = PBXBuildFile; fileRef = C48D6FDD2844A4EA009D36EE /* AchivmentsView.swift */; };
		C49D40A4283DD0A800F42B2F /* StatsAPI.swift in Sources */ = {isa = PBXBuildFile; fileRef = C49D40A3283DD0A800F42B2F /* StatsAPI.swift */; };
		C49D40A7283DD12700F42B2F /* StatsPostRequest.swift in Sources */ = {isa = PBXBuildFile; fileRef = C49D40A6283DD12700F42B2F /* StatsPostRequest.swift */; };
		C49D40AA283DD19100F42B2F /* HealthService.swift in Sources */ = {isa = PBXBuildFile; fileRef = C49D40A9283DD19100F42B2F /* HealthService.swift */; };
		C49D40AC283DD1C800F42B2F /* HealthServiceProvider.swift in Sources */ = {isa = PBXBuildFile; fileRef = C49D40AB283DD1C800F42B2F /* HealthServiceProvider.swift */; };
		C49D40AE283DD49000F42B2F /* Date+EndOfDate.swift in Sources */ = {isa = PBXBuildFile; fileRef = C49D40AD283DD49000F42B2F /* Date+EndOfDate.swift */; };
		C49D40B0283DD4A400F42B2F /* Date+Add.swift in Sources */ = {isa = PBXBuildFile; fileRef = C49D40AF283DD4A400F42B2F /* Date+Add.swift */; };
		C49D40B2283DD64F00F42B2F /* Date+DatesBetweenTwoDates.swift in Sources */ = {isa = PBXBuildFile; fileRef = C49D40B1283DD64F00F42B2F /* Date+DatesBetweenTwoDates.swift */; };
		C4A0E9662782DB48005D6662 /* AppDelegate.swift in Sources */ = {isa = PBXBuildFile; fileRef = C4A0E9652782DB48005D6662 /* AppDelegate.swift */; };
		C4A0E96F2782DB49005D6662 /* Assets.xcassets in Resources */ = {isa = PBXBuildFile; fileRef = C4A0E96E2782DB49005D6662 /* Assets.xcassets */; };
		C4A0E9802782DEA6005D6662 /* LaunchViewController.swift in Sources */ = {isa = PBXBuildFile; fileRef = C4A0E97F2782DEA6005D6662 /* LaunchViewController.swift */; };
		C4A0E9852782E0A6005D6662 /* RootViewController.swift in Sources */ = {isa = PBXBuildFile; fileRef = C4A0E9842782E0A6005D6662 /* RootViewController.swift */; };
		C4A0E9892782E0E4005D6662 /* RootView.swift in Sources */ = {isa = PBXBuildFile; fileRef = C4A0E9882782E0E4005D6662 /* RootView.swift */; };
		C4A0E98B2782E144005D6662 /* LaunchView.swift in Sources */ = {isa = PBXBuildFile; fileRef = C4A0E98A2782E144005D6662 /* LaunchView.swift */; };
		C4A0E98F2782E783005D6662 /* OnboardingViewController.swift in Sources */ = {isa = PBXBuildFile; fileRef = C4A0E98E2782E783005D6662 /* OnboardingViewController.swift */; };
		C4A0E9922782E79F005D6662 /* OnboardingView.swift in Sources */ = {isa = PBXBuildFile; fileRef = C4A0E9912782E79F005D6662 /* OnboardingView.swift */; };
		C4A0E9952782E858005D6662 /* SwipeNavigationController.swift in Sources */ = {isa = PBXBuildFile; fileRef = C4A0E9942782E858005D6662 /* SwipeNavigationController.swift */; };
		C4A0E9992782E93C005D6662 /* LaunchHelper.swift in Sources */ = {isa = PBXBuildFile; fileRef = C4A0E9982782E93C005D6662 /* LaunchHelper.swift */; };
		C4A0E99B2782E9BF005D6662 /* R.generated.swift in Sources */ = {isa = PBXBuildFile; fileRef = C4A0E99A2782E9BF005D6662 /* R.generated.swift */; };
		C4A0E9A02782EC0F005D6662 /* MontserratBold.ttf in Resources */ = {isa = PBXBuildFile; fileRef = C4A0E99C2782EC0F005D6662 /* MontserratBold.ttf */; };
		C4A0E9A12782EC0F005D6662 /* MontserratMedium.ttf in Resources */ = {isa = PBXBuildFile; fileRef = C4A0E99D2782EC0F005D6662 /* MontserratMedium.ttf */; };
		C4A0E9A22782EC0F005D6662 /* MontserratRegular.ttf in Resources */ = {isa = PBXBuildFile; fileRef = C4A0E99E2782EC0F005D6662 /* MontserratRegular.ttf */; };
		C4A0E9A32782EC0F005D6662 /* MontserratSemiBold.ttf in Resources */ = {isa = PBXBuildFile; fileRef = C4A0E99F2782EC0F005D6662 /* MontserratSemiBold.ttf */; };
		C4A0E9A62782F2B3005D6662 /* SignInViewController.swift in Sources */ = {isa = PBXBuildFile; fileRef = C4A0E9A52782F2B3005D6662 /* SignInViewController.swift */; };
		C4A0E9A92782F2C6005D6662 /* SignInView.swift in Sources */ = {isa = PBXBuildFile; fileRef = C4A0E9A82782F2C6005D6662 /* SignInView.swift */; };
		C4A0E9AD2782F534005D6662 /* UIColor+Hex.swift in Sources */ = {isa = PBXBuildFile; fileRef = C4A0E9AC2782F534005D6662 /* UIColor+Hex.swift */; };
		C4A0E9B12782F85D005D6662 /* RegisterUserInputViewController.swift in Sources */ = {isa = PBXBuildFile; fileRef = C4A0E9B02782F85D005D6662 /* RegisterUserInputViewController.swift */; };
		C4A0E9B42782F87D005D6662 /* RegisterUserInputView.swift in Sources */ = {isa = PBXBuildFile; fileRef = C4A0E9B32782F87D005D6662 /* RegisterUserInputView.swift */; };
		C4A0E9B727834617005D6662 /* GoogleService-Info.plist in Resources */ = {isa = PBXBuildFile; fileRef = C4A0E9B627834617005D6662 /* GoogleService-Info.plist */; };
		C4A0E9BA27834BBE005D6662 /* SignInProvider.swift in Sources */ = {isa = PBXBuildFile; fileRef = C4A0E9B927834BBE005D6662 /* SignInProvider.swift */; };
		C4A0E9BC27834CC3005D6662 /* Utils.swift in Sources */ = {isa = PBXBuildFile; fileRef = C4A0E9BB27834CC3005D6662 /* Utils.swift */; };
		C4A0E9CA2783505D005D6662 /* JSONEncodingHelper.swift in Sources */ = {isa = PBXBuildFile; fileRef = C4A0E9BE2783505D005D6662 /* JSONEncodingHelper.swift */; };
		C4A0E9CB2783505D005D6662 /* APIHelper.swift in Sources */ = {isa = PBXBuildFile; fileRef = C4A0E9BF2783505D005D6662 /* APIHelper.swift */; };
		C4A0E9CC2783505D005D6662 /* JSONValue.swift in Sources */ = {isa = PBXBuildFile; fileRef = C4A0E9C02783505D005D6662 /* JSONValue.swift */; };
		C4A0E9CD2783505D005D6662 /* Models.swift in Sources */ = {isa = PBXBuildFile; fileRef = C4A0E9C12783505D005D6662 /* Models.swift */; };
		C4A0E9CE2783505D005D6662 /* Extensions.swift in Sources */ = {isa = PBXBuildFile; fileRef = C4A0E9C22783505D005D6662 /* Extensions.swift */; };
		C4A0E9CF2783505D005D6662 /* APIs.swift in Sources */ = {isa = PBXBuildFile; fileRef = C4A0E9C32783505D005D6662 /* APIs.swift */; };
		C4A0E9D02783505D005D6662 /* Configuration.swift in Sources */ = {isa = PBXBuildFile; fileRef = C4A0E9C52783505D005D6662 /* Configuration.swift */; };
		C4A0E9D12783505D005D6662 /* CodableHelper.swift in Sources */ = {isa = PBXBuildFile; fileRef = C4A0E9C62783505D005D6662 /* CodableHelper.swift */; };
		C4A0E9D22783505D005D6662 /* JSONEncodableEncoding.swift in Sources */ = {isa = PBXBuildFile; fileRef = C4A0E9C72783505D005D6662 /* JSONEncodableEncoding.swift */; };
		C4A0E9D32783505D005D6662 /* AlamofireImplementations.swift in Sources */ = {isa = PBXBuildFile; fileRef = C4A0E9C82783505D005D6662 /* AlamofireImplementations.swift */; };
		C4A0E9D5278350C7005D6662 /* AuthGoggleResponse.swift in Sources */ = {isa = PBXBuildFile; fileRef = C4A0E9D4278350C7005D6662 /* AuthGoggleResponse.swift */; };
		C4A0E9D7278350E9005D6662 /* User.swift in Sources */ = {isa = PBXBuildFile; fileRef = C4A0E9D6278350E9005D6662 /* User.swift */; };
		C4A0E9D9278350FD005D6662 /* Pet.swift in Sources */ = {isa = PBXBuildFile; fileRef = C4A0E9D8278350FD005D6662 /* Pet.swift */; };
		C4A0E9DB2783516A005D6662 /* AuthAPI.swift in Sources */ = {isa = PBXBuildFile; fileRef = C4A0E9DA2783516A005D6662 /* AuthAPI.swift */; };
		C4B86BC428550C6C00D58863 /* UIStackView+Init.swift in Sources */ = {isa = PBXBuildFile; fileRef = C4B86BC328550C6C00D58863 /* UIStackView+Init.swift */; };
		C4C6189227B947170009AA1C /* GeneralViewController.swift in Sources */ = {isa = PBXBuildFile; fileRef = C4C6189027B947170009AA1C /* GeneralViewController.swift */; };
		C4C6189327B947170009AA1C /* GeneralView.swift in Sources */ = {isa = PBXBuildFile; fileRef = C4C6189127B947170009AA1C /* GeneralView.swift */; };
		C4C6189727B947380009AA1C /* GeneralProvider.swift in Sources */ = {isa = PBXBuildFile; fileRef = C4C6189627B947380009AA1C /* GeneralProvider.swift */; };
		C4C6189D27B948BC0009AA1C /* SFUIText-Semibold.ttf in Resources */ = {isa = PBXBuildFile; fileRef = C4C6189827B948BC0009AA1C /* SFUIText-Semibold.ttf */; };
		C4C6189E27B948BC0009AA1C /* SFUIText-Regular.ttf in Resources */ = {isa = PBXBuildFile; fileRef = C4C6189927B948BC0009AA1C /* SFUIText-Regular.ttf */; };
		C4C6189F27B948BC0009AA1C /* SFUIText-Medium.ttf in Resources */ = {isa = PBXBuildFile; fileRef = C4C6189A27B948BC0009AA1C /* SFUIText-Medium.ttf */; };
		C4C618A027B948BC0009AA1C /* SFUIText-Light.ttf in Resources */ = {isa = PBXBuildFile; fileRef = C4C6189B27B948BC0009AA1C /* SFUIText-Light.ttf */; };
		C4C618A127B948BC0009AA1C /* SFUIText-Bold.ttf in Resources */ = {isa = PBXBuildFile; fileRef = C4C6189C27B948BC0009AA1C /* SFUIText-Bold.ttf */; };
		C4C618A327B951070009AA1C /* ImageLoader.swift in Sources */ = {isa = PBXBuildFile; fileRef = C4C618A227B951070009AA1C /* ImageLoader.swift */; };
		C4C618A727B95BBB0009AA1C /* RadialGradientView.swift in Sources */ = {isa = PBXBuildFile; fileRef = C4C618A627B95BBB0009AA1C /* RadialGradientView.swift */; };
		C4C618AA27B95C210009AA1C /* MainActivityProgressView.swift in Sources */ = {isa = PBXBuildFile; fileRef = C4C618A927B95C210009AA1C /* MainActivityProgressView.swift */; };
		C4C618AC27B95C850009AA1C /* ActivityProgressView.swift in Sources */ = {isa = PBXBuildFile; fileRef = C4C618AB27B95C850009AA1C /* ActivityProgressView.swift */; };
		C4DD24432786DF03006D2EE5 /* UserSettings.swift in Sources */ = {isa = PBXBuildFile; fileRef = C4DD24422786DF03006D2EE5 /* UserSettings.swift */; };
		C4DD24462786E036006D2EE5 /* UserDefaults+SaveStruct.swift in Sources */ = {isa = PBXBuildFile; fileRef = C4DD24452786E036006D2EE5 /* UserDefaults+SaveStruct.swift */; };
		C4E0D3FD28587513004CFD8D /* ModalPetStateViewController.swift in Sources */ = {isa = PBXBuildFile; fileRef = C4E0D3FB28587513004CFD8D /* ModalPetStateViewController.swift */; };
		C4E0D3FE28587513004CFD8D /* ModalPetStateView.swift in Sources */ = {isa = PBXBuildFile; fileRef = C4E0D3FC28587513004CFD8D /* ModalPetStateView.swift */; };
		C4FB55B927A53F91006CBFF7 /* UIButton+BackgroundColoroForState.swift in Sources */ = {isa = PBXBuildFile; fileRef = C4FB55B827A53F91006CBFF7 /* UIButton+BackgroundColoroForState.swift */; };
/* End PBXBuildFile section */

/* Begin PBXFileReference section */
		137E1A45FC5FB849D6E6C76A /* Pods_iPet.framework */ = {isa = PBXFileReference; explicitFileType = wrapper.framework; includeInIndex = 0; path = Pods_iPet.framework; sourceTree = BUILT_PRODUCTS_DIR; };
		9C6F3F6E2854D88B009A1C4F /* ProfileViewController.swift */ = {isa = PBXFileReference; lastKnownFileType = sourcecode.swift; path = ProfileViewController.swift; sourceTree = "<group>"; };
		9C6F3F6F2854D88B009A1C4F /* ProfileView.swift */ = {isa = PBXFileReference; lastKnownFileType = sourcecode.swift; path = ProfileView.swift; sourceTree = "<group>"; };
		9C6F3F852855E226009A1C4F /* UserMetricView.swift */ = {isa = PBXFileReference; lastKnownFileType = sourcecode.swift; path = UserMetricView.swift; sourceTree = "<group>"; };
		9C6F3F872855E302009A1C4F /* UIStackView + Init.swift */ = {isa = PBXFileReference; lastKnownFileType = sourcecode.swift; path = "UIStackView + Init.swift"; sourceTree = "<group>"; };
		9C6F3F8A2855E553009A1C4F /* UserSettingContentView.swift */ = {isa = PBXFileReference; lastKnownFileType = sourcecode.swift; path = UserSettingContentView.swift; sourceTree = "<group>"; };
		9C6F3F8C2855EF35009A1C4F /* AppSettingsView.swift */ = {isa = PBXFileReference; lastKnownFileType = sourcecode.swift; path = AppSettingsView.swift; sourceTree = "<group>"; };
		9C6F3F8F2855EF71009A1C4F /* AppSettingsContentView.swift */ = {isa = PBXFileReference; lastKnownFileType = sourcecode.swift; path = AppSettingsContentView.swift; sourceTree = "<group>"; };
		9C6F3F912856007A009A1C4F /* GradientView.swift */ = {isa = PBXFileReference; lastKnownFileType = sourcecode.swift; path = GradientView.swift; sourceTree = "<group>"; };
		9C6F3F932856020D009A1C4F /* HeaderProfileView.swift */ = {isa = PBXFileReference; lastKnownFileType = sourcecode.swift; path = HeaderProfileView.swift; sourceTree = "<group>"; };
		9C6F3F9C2856199D009A1C4F /* AnimalPhotoView.swift */ = {isa = PBXFileReference; lastKnownFileType = sourcecode.swift; path = AnimalPhotoView.swift; sourceTree = "<group>"; };
		9C6F3FB82859F2E6009A1C4F /* GenderView.swift */ = {isa = PBXFileReference; lastKnownFileType = sourcecode.swift; path = GenderView.swift; sourceTree = "<group>"; };
		9C6F3FBA2859FBDD009A1C4F /* LanguageSetting.swift */ = {isa = PBXFileReference; lastKnownFileType = sourcecode.swift; path = LanguageSetting.swift; sourceTree = "<group>"; };
		9C6F3FBC2859FE1F009A1C4F /* RecallView.swift */ = {isa = PBXFileReference; lastKnownFileType = sourcecode.swift; path = RecallView.swift; sourceTree = "<group>"; };
		9C6F3FBE285A0140009A1C4F /* SocialNetworksView.swift */ = {isa = PBXFileReference; lastKnownFileType = sourcecode.swift; path = SocialNetworksView.swift; sourceTree = "<group>"; };
		9C6F3FC0285A1943009A1C4F /* ExitAccountView.swift */ = {isa = PBXFileReference; lastKnownFileType = sourcecode.swift; path = ExitAccountView.swift; sourceTree = "<group>"; };
		9C6F3FC3285A1C90009A1C4F /* ExitAccountContainerView.swift */ = {isa = PBXFileReference; lastKnownFileType = sourcecode.swift; path = ExitAccountContainerView.swift; sourceTree = "<group>"; };
		9CC906D8285BAB1A00BE8F06 /* ProfileContentView.swift */ = {isa = PBXFileReference; lastKnownFileType = sourcecode.swift; path = ProfileContentView.swift; sourceTree = "<group>"; };
		B8BB7D5D564207E8E6D279EA /* Pods-iPet.release.xcconfig */ = {isa = PBXFileReference; includeInIndex = 1; lastKnownFileType = text.xcconfig; name = "Pods-iPet.release.xcconfig"; path = "Target Support Files/Pods-iPet/Pods-iPet.release.xcconfig"; sourceTree = "<group>"; };
		BCDB67425DC14DD1605A7426 /* Pods-iPet.debug.xcconfig */ = {isa = PBXFileReference; includeInIndex = 1; lastKnownFileType = text.xcconfig; name = "Pods-iPet.debug.xcconfig"; path = "Target Support Files/Pods-iPet/Pods-iPet.debug.xcconfig"; sourceTree = "<group>"; };
		C4024EB327915A0A00248854 /* UserPetUserPetIdRequest.swift */ = {isa = PBXFileReference; lastKnownFileType = sourcecode.swift; path = UserPetUserPetIdRequest.swift; sourceTree = "<group>"; };
		C4024EB527915B5500248854 /* OkResponse.swift */ = {isa = PBXFileReference; lastKnownFileType = sourcecode.swift; path = OkResponse.swift; sourceTree = "<group>"; };
		C4024EB82791726200248854 /* RegisterStepsInputProvider.swift */ = {isa = PBXFileReference; lastKnownFileType = sourcecode.swift; path = RegisterStepsInputProvider.swift; sourceTree = "<group>"; };
		C4024EBA27917C1B00248854 /* UserPet.swift */ = {isa = PBXFileReference; lastKnownFileType = sourcecode.swift; path = UserPet.swift; sourceTree = "<group>"; };
		C4190F3A2786E6DD00C005C7 /* RegisterUserInputProvider.swift */ = {isa = PBXFileReference; lastKnownFileType = sourcecode.swift; path = RegisterUserInputProvider.swift; sourceTree = "<group>"; };
		C4190F3C2786E7B300C005C7 /* UserAPI.swift */ = {isa = PBXFileReference; lastKnownFileType = sourcecode.swift; path = UserAPI.swift; sourceTree = "<group>"; };
		C4190F3E2786E89E00C005C7 /* UserCheckUsernameResponse.swift */ = {isa = PBXFileReference; lastKnownFileType = sourcecode.swift; path = UserCheckUsernameResponse.swift; sourceTree = "<group>"; };
		C4190F402786E91300C005C7 /* ModelError.swift */ = {isa = PBXFileReference; lastKnownFileType = sourcecode.swift; path = ModelError.swift; sourceTree = "<group>"; };
		C4190F4227888A8000C005C7 /* UserUsernameTranslitResponse.swift */ = {isa = PBXFileReference; lastKnownFileType = sourcecode.swift; path = UserUsernameTranslitResponse.swift; sourceTree = "<group>"; };
		C4190F4527888B4200C005C7 /* RegisterInputView.swift */ = {isa = PBXFileReference; lastKnownFileType = sourcecode.swift; path = RegisterInputView.swift; sourceTree = "<group>"; };
		C4190F4727888CF800C005C7 /* Animations.swift */ = {isa = PBXFileReference; lastKnownFileType = sourcecode.swift; path = Animations.swift; sourceTree = "<group>"; };
		C4190F4B2788944400C005C7 /* UserCheckUsernameRequest.swift */ = {isa = PBXFileReference; lastKnownFileType = sourcecode.swift; path = UserCheckUsernameRequest.swift; sourceTree = "<group>"; };
		C4190F4D2788947500C005C7 /* UserUsernameTranslitRequest.swift */ = {isa = PBXFileReference; lastKnownFileType = sourcecode.swift; path = UserUsernameTranslitRequest.swift; sourceTree = "<group>"; };
		C4190F4F278899AB00C005C7 /* UserMeRequest.swift */ = {isa = PBXFileReference; lastKnownFileType = sourcecode.swift; path = UserMeRequest.swift; sourceTree = "<group>"; };
		C41E1D8927A27A5700AA773B /* AppleSignInService.swift */ = {isa = PBXFileReference; fileEncoding = 4; lastKnownFileType = sourcecode.swift; path = AppleSignInService.swift; sourceTree = "<group>"; };
		C41E1D8B27A27BA700AA773B /* GoogleSignInService.swift */ = {isa = PBXFileReference; lastKnownFileType = sourcecode.swift; path = GoogleSignInService.swift; sourceTree = "<group>"; };
		C41E1D8F27A27F1300AA773B /* KeychainService.swift */ = {isa = PBXFileReference; lastKnownFileType = sourcecode.swift; path = KeychainService.swift; sourceTree = "<group>"; };
		C41E1D9327A27F4600AA773B /* AuthService.swift */ = {isa = PBXFileReference; lastKnownFileType = sourcecode.swift; path = AuthService.swift; sourceTree = "<group>"; };
		C41E1D9627A27F7F00AA773B /* ServiceLocator.swift */ = {isa = PBXFileReference; lastKnownFileType = sourcecode.swift; path = ServiceLocator.swift; sourceTree = "<group>"; };
		C41E1D9827A27F8B00AA773B /* Autowired.swift */ = {isa = PBXFileReference; lastKnownFileType = sourcecode.swift; path = Autowired.swift; sourceTree = "<group>"; };
		C41E1D9A27A27FBA00AA773B /* LoggerService.swift */ = {isa = PBXFileReference; lastKnownFileType = sourcecode.swift; path = LoggerService.swift; sourceTree = "<group>"; };
		C41E1D9C27A27FEE00AA773B /* Bundle+Version.swift */ = {isa = PBXFileReference; lastKnownFileType = sourcecode.swift; path = "Bundle+Version.swift"; sourceTree = "<group>"; };
		C41E1D9F27A2802D00AA773B /* Constants.swift */ = {isa = PBXFileReference; lastKnownFileType = sourcecode.swift; path = Constants.swift; sourceTree = "<group>"; };
		C41E1DA127A2805200AA773B /* Bundle+Current.swift */ = {isa = PBXFileReference; lastKnownFileType = sourcecode.swift; path = "Bundle+Current.swift"; sourceTree = "<group>"; };
		C41E1DA427A284EA00AA773B /* TabBarController.swift */ = {isa = PBXFileReference; lastKnownFileType = sourcecode.swift; path = TabBarController.swift; sourceTree = "<group>"; };
		C41E1DA727A2886800AA773B /* HealthKit.framework */ = {isa = PBXFileReference; lastKnownFileType = wrapper.framework; name = HealthKit.framework; path = System/Library/Frameworks/HealthKit.framework; sourceTree = SDKROOT; };
		C4242DB6279000BA002B99E9 /* UserAvatarResponse.swift */ = {isa = PBXFileReference; lastKnownFileType = sourcecode.swift; path = UserAvatarResponse.swift; sourceTree = "<group>"; };
		C4242DB927900AA8002B99E9 /* RegisterStepsInputViewController.swift */ = {isa = PBXFileReference; lastKnownFileType = sourcecode.swift; path = RegisterStepsInputViewController.swift; sourceTree = "<group>"; };
		C4242DBC27900AC3002B99E9 /* RegisterStepsInputView.swift */ = {isa = PBXFileReference; lastKnownFileType = sourcecode.swift; path = RegisterStepsInputView.swift; sourceTree = "<group>"; };
		C4242DBF27900B10002B99E9 /* RegisterPickPetViewController.swift */ = {isa = PBXFileReference; lastKnownFileType = sourcecode.swift; path = RegisterPickPetViewController.swift; sourceTree = "<group>"; };
		C4242DC227900B2A002B99E9 /* RegisterPickPetView.swift */ = {isa = PBXFileReference; lastKnownFileType = sourcecode.swift; path = RegisterPickPetView.swift; sourceTree = "<group>"; };
		C4242DC527900E0B002B99E9 /* PetAPI.swift */ = {isa = PBXFileReference; lastKnownFileType = sourcecode.swift; path = PetAPI.swift; sourceTree = "<group>"; };
		C4242DC827900E5F002B99E9 /* RegisterPickPetProvider.swift */ = {isa = PBXFileReference; lastKnownFileType = sourcecode.swift; path = RegisterPickPetProvider.swift; sourceTree = "<group>"; };
		C4242DCA27900F83002B99E9 /* PetRandomNameResponse.swift */ = {isa = PBXFileReference; lastKnownFileType = sourcecode.swift; path = PetRandomNameResponse.swift; sourceTree = "<group>"; };
		C4242DCC279025BE002B99E9 /* PetAnimation.swift */ = {isa = PBXFileReference; lastKnownFileType = sourcecode.swift; path = PetAnimation.swift; sourceTree = "<group>"; };
		C4242DCF279029BB002B99E9 /* LoadingState.swift */ = {isa = PBXFileReference; lastKnownFileType = sourcecode.swift; path = LoadingState.swift; sourceTree = "<group>"; };
		C4242DD327902A1F002B99E9 /* PetSectionModel.swift */ = {isa = PBXFileReference; lastKnownFileType = sourcecode.swift; path = PetSectionModel.swift; sourceTree = "<group>"; };
		C4242DD527902A9E002B99E9 /* RegisterPetSectionController.swift */ = {isa = PBXFileReference; lastKnownFileType = sourcecode.swift; path = RegisterPetSectionController.swift; sourceTree = "<group>"; };
		C4242DDC27902BB7002B99E9 /* ListCollectionContext+Dequeue.swift */ = {isa = PBXFileReference; lastKnownFileType = sourcecode.swift; path = "ListCollectionContext+Dequeue.swift"; sourceTree = "<group>"; };
		C4242DDE279031B9002B99E9 /* PetResponse.swift */ = {isa = PBXFileReference; lastKnownFileType = sourcecode.swift; path = PetResponse.swift; sourceTree = "<group>"; };
		C4242DE0279087CC002B99E9 /* RegisterPickPetCell.swift */ = {isa = PBXFileReference; fileEncoding = 4; lastKnownFileType = sourcecode.swift; path = RegisterPickPetCell.swift; sourceTree = "<group>"; };
		C4242DE3279095D5002B99E9 /* PagingFlowLayout.swift */ = {isa = PBXFileReference; lastKnownFileType = sourcecode.swift; path = PagingFlowLayout.swift; sourceTree = "<group>"; };
		C42624A728546817001EF653 /* VisualEffectView.swift */ = {isa = PBXFileReference; lastKnownFileType = sourcecode.swift; path = VisualEffectView.swift; sourceTree = "<group>"; };
		C42624AA2854691A001EF653 /* String+Base64.swift */ = {isa = PBXFileReference; lastKnownFileType = sourcecode.swift; path = "String+Base64.swift"; sourceTree = "<group>"; };
		C42624AD28547167001EF653 /* PetState.swift */ = {isa = PBXFileReference; lastKnownFileType = sourcecode.swift; path = PetState.swift; sourceTree = "<group>"; };
		C42624AF285472FA001EF653 /* ActiveStatus.swift */ = {isa = PBXFileReference; lastKnownFileType = sourcecode.swift; path = ActiveStatus.swift; sourceTree = "<group>"; };
		C42B9AC327BD03FE0095E795 /* AnimatedPetView.swift */ = {isa = PBXFileReference; lastKnownFileType = sourcecode.swift; path = AnimatedPetView.swift; sourceTree = "<group>"; };
		C485FBF527BCB8CD0057C290 /* APIGeneralResponse.swift */ = {isa = PBXFileReference; lastKnownFileType = sourcecode.swift; path = APIGeneralResponse.swift; sourceTree = "<group>"; };
		C485FBF727BCB8E70057C290 /* Stats.swift */ = {isa = PBXFileReference; lastKnownFileType = sourcecode.swift; path = Stats.swift; sourceTree = "<group>"; };
		C485FBF927BCB8FA0057C290 /* HoursStat.swift */ = {isa = PBXFileReference; lastKnownFileType = sourcecode.swift; path = HoursStat.swift; sourceTree = "<group>"; };
		C485FBFB27BCB9180057C290 /* GeneralAPI.swift */ = {isa = PBXFileReference; lastKnownFileType = sourcecode.swift; path = GeneralAPI.swift; sourceTree = "<group>"; };
		C489F83E27A994D700354C1F /* UIDevice+Model.swift */ = {isa = PBXFileReference; lastKnownFileType = sourcecode.swift; path = "UIDevice+Model.swift"; sourceTree = "<group>"; };
		C48D2928278369DA00BC23F2 /* UIView+Underlined.swift */ = {isa = PBXFileReference; lastKnownFileType = sourcecode.swift; path = "UIView+Underlined.swift"; sourceTree = "<group>"; };
		C48D292A278372BD00BC23F2 /* UIViewController+HideKeyboard.swift */ = {isa = PBXFileReference; lastKnownFileType = sourcecode.swift; path = "UIViewController+HideKeyboard.swift"; sourceTree = "<group>"; };
		C48D6FDB28449B37009D36EE /* UserConfig.swift */ = {isa = PBXFileReference; lastKnownFileType = sourcecode.swift; path = UserConfig.swift; sourceTree = "<group>"; };
		C48D6FDD2844A4EA009D36EE /* AchivmentsView.swift */ = {isa = PBXFileReference; lastKnownFileType = sourcecode.swift; path = AchivmentsView.swift; sourceTree = "<group>"; };
		C49D40A3283DD0A800F42B2F /* StatsAPI.swift */ = {isa = PBXFileReference; lastKnownFileType = sourcecode.swift; path = StatsAPI.swift; sourceTree = "<group>"; };
		C49D40A6283DD12700F42B2F /* StatsPostRequest.swift */ = {isa = PBXFileReference; lastKnownFileType = sourcecode.swift; path = StatsPostRequest.swift; sourceTree = "<group>"; };
		C49D40A9283DD19100F42B2F /* HealthService.swift */ = {isa = PBXFileReference; lastKnownFileType = sourcecode.swift; path = HealthService.swift; sourceTree = "<group>"; };
		C49D40AB283DD1C800F42B2F /* HealthServiceProvider.swift */ = {isa = PBXFileReference; lastKnownFileType = sourcecode.swift; path = HealthServiceProvider.swift; sourceTree = "<group>"; };
		C49D40AD283DD49000F42B2F /* Date+EndOfDate.swift */ = {isa = PBXFileReference; lastKnownFileType = sourcecode.swift; path = "Date+EndOfDate.swift"; sourceTree = "<group>"; };
		C49D40AF283DD4A400F42B2F /* Date+Add.swift */ = {isa = PBXFileReference; lastKnownFileType = sourcecode.swift; path = "Date+Add.swift"; sourceTree = "<group>"; };
		C49D40B1283DD64F00F42B2F /* Date+DatesBetweenTwoDates.swift */ = {isa = PBXFileReference; lastKnownFileType = sourcecode.swift; path = "Date+DatesBetweenTwoDates.swift"; sourceTree = "<group>"; };
		C4A0E9622782DB48005D6662 /* iPet.app */ = {isa = PBXFileReference; explicitFileType = wrapper.application; includeInIndex = 0; path = iPet.app; sourceTree = BUILT_PRODUCTS_DIR; };
		C4A0E9652782DB48005D6662 /* AppDelegate.swift */ = {isa = PBXFileReference; lastKnownFileType = sourcecode.swift; path = AppDelegate.swift; sourceTree = "<group>"; };
		C4A0E96E2782DB49005D6662 /* Assets.xcassets */ = {isa = PBXFileReference; lastKnownFileType = folder.assetcatalog; path = Assets.xcassets; sourceTree = "<group>"; };
		C4A0E9732782DB49005D6662 /* Info.plist */ = {isa = PBXFileReference; lastKnownFileType = text.plist.xml; path = Info.plist; sourceTree = "<group>"; };
		C4A0E97F2782DEA6005D6662 /* LaunchViewController.swift */ = {isa = PBXFileReference; lastKnownFileType = sourcecode.swift; path = LaunchViewController.swift; sourceTree = "<group>"; };
		C4A0E9842782E0A6005D6662 /* RootViewController.swift */ = {isa = PBXFileReference; lastKnownFileType = sourcecode.swift; path = RootViewController.swift; sourceTree = "<group>"; };
		C4A0E9882782E0E4005D6662 /* RootView.swift */ = {isa = PBXFileReference; lastKnownFileType = sourcecode.swift; path = RootView.swift; sourceTree = "<group>"; };
		C4A0E98A2782E144005D6662 /* LaunchView.swift */ = {isa = PBXFileReference; lastKnownFileType = sourcecode.swift; path = LaunchView.swift; sourceTree = "<group>"; };
		C4A0E98E2782E783005D6662 /* OnboardingViewController.swift */ = {isa = PBXFileReference; lastKnownFileType = sourcecode.swift; path = OnboardingViewController.swift; sourceTree = "<group>"; };
		C4A0E9912782E79F005D6662 /* OnboardingView.swift */ = {isa = PBXFileReference; lastKnownFileType = sourcecode.swift; path = OnboardingView.swift; sourceTree = "<group>"; };
		C4A0E9942782E858005D6662 /* SwipeNavigationController.swift */ = {isa = PBXFileReference; lastKnownFileType = sourcecode.swift; path = SwipeNavigationController.swift; sourceTree = "<group>"; };
		C4A0E9982782E93C005D6662 /* LaunchHelper.swift */ = {isa = PBXFileReference; lastKnownFileType = sourcecode.swift; path = LaunchHelper.swift; sourceTree = "<group>"; };
		C4A0E99A2782E9BF005D6662 /* R.generated.swift */ = {isa = PBXFileReference; fileEncoding = 4; lastKnownFileType = sourcecode.swift; path = R.generated.swift; sourceTree = "<group>"; };
		C4A0E99C2782EC0F005D6662 /* MontserratBold.ttf */ = {isa = PBXFileReference; lastKnownFileType = file; path = MontserratBold.ttf; sourceTree = "<group>"; };
		C4A0E99D2782EC0F005D6662 /* MontserratMedium.ttf */ = {isa = PBXFileReference; lastKnownFileType = file; path = MontserratMedium.ttf; sourceTree = "<group>"; };
		C4A0E99E2782EC0F005D6662 /* MontserratRegular.ttf */ = {isa = PBXFileReference; lastKnownFileType = file; path = MontserratRegular.ttf; sourceTree = "<group>"; };
		C4A0E99F2782EC0F005D6662 /* MontserratSemiBold.ttf */ = {isa = PBXFileReference; lastKnownFileType = file; path = MontserratSemiBold.ttf; sourceTree = "<group>"; };
		C4A0E9A52782F2B3005D6662 /* SignInViewController.swift */ = {isa = PBXFileReference; lastKnownFileType = sourcecode.swift; path = SignInViewController.swift; sourceTree = "<group>"; };
		C4A0E9A82782F2C6005D6662 /* SignInView.swift */ = {isa = PBXFileReference; lastKnownFileType = sourcecode.swift; path = SignInView.swift; sourceTree = "<group>"; };
		C4A0E9AC2782F534005D6662 /* UIColor+Hex.swift */ = {isa = PBXFileReference; lastKnownFileType = sourcecode.swift; path = "UIColor+Hex.swift"; sourceTree = "<group>"; };
		C4A0E9B02782F85D005D6662 /* RegisterUserInputViewController.swift */ = {isa = PBXFileReference; lastKnownFileType = sourcecode.swift; path = RegisterUserInputViewController.swift; sourceTree = "<group>"; };
		C4A0E9B32782F87D005D6662 /* RegisterUserInputView.swift */ = {isa = PBXFileReference; lastKnownFileType = sourcecode.swift; path = RegisterUserInputView.swift; sourceTree = "<group>"; };
		C4A0E9B527831991005D6662 /* iPet.entitlements */ = {isa = PBXFileReference; lastKnownFileType = text.plist.entitlements; path = iPet.entitlements; sourceTree = "<group>"; };
		C4A0E9B627834617005D6662 /* GoogleService-Info.plist */ = {isa = PBXFileReference; fileEncoding = 4; lastKnownFileType = text.plist.xml; path = "GoogleService-Info.plist"; sourceTree = "<group>"; };
		C4A0E9B927834BBE005D6662 /* SignInProvider.swift */ = {isa = PBXFileReference; lastKnownFileType = sourcecode.swift; path = SignInProvider.swift; sourceTree = "<group>"; };
		C4A0E9BB27834CC3005D6662 /* Utils.swift */ = {isa = PBXFileReference; fileEncoding = 4; lastKnownFileType = sourcecode.swift; path = Utils.swift; sourceTree = "<group>"; };
		C4A0E9BE2783505D005D6662 /* JSONEncodingHelper.swift */ = {isa = PBXFileReference; fileEncoding = 4; lastKnownFileType = sourcecode.swift; path = JSONEncodingHelper.swift; sourceTree = "<group>"; };
		C4A0E9BF2783505D005D6662 /* APIHelper.swift */ = {isa = PBXFileReference; fileEncoding = 4; lastKnownFileType = sourcecode.swift; path = APIHelper.swift; sourceTree = "<group>"; };
		C4A0E9C02783505D005D6662 /* JSONValue.swift */ = {isa = PBXFileReference; fileEncoding = 4; lastKnownFileType = sourcecode.swift; path = JSONValue.swift; sourceTree = "<group>"; };
		C4A0E9C12783505D005D6662 /* Models.swift */ = {isa = PBXFileReference; fileEncoding = 4; lastKnownFileType = sourcecode.swift; path = Models.swift; sourceTree = "<group>"; };
		C4A0E9C22783505D005D6662 /* Extensions.swift */ = {isa = PBXFileReference; fileEncoding = 4; lastKnownFileType = sourcecode.swift; path = Extensions.swift; sourceTree = "<group>"; };
		C4A0E9C32783505D005D6662 /* APIs.swift */ = {isa = PBXFileReference; fileEncoding = 4; lastKnownFileType = sourcecode.swift; path = APIs.swift; sourceTree = "<group>"; };
		C4A0E9C52783505D005D6662 /* Configuration.swift */ = {isa = PBXFileReference; fileEncoding = 4; lastKnownFileType = sourcecode.swift; path = Configuration.swift; sourceTree = "<group>"; };
		C4A0E9C62783505D005D6662 /* CodableHelper.swift */ = {isa = PBXFileReference; fileEncoding = 4; lastKnownFileType = sourcecode.swift; path = CodableHelper.swift; sourceTree = "<group>"; };
		C4A0E9C72783505D005D6662 /* JSONEncodableEncoding.swift */ = {isa = PBXFileReference; fileEncoding = 4; lastKnownFileType = sourcecode.swift; path = JSONEncodableEncoding.swift; sourceTree = "<group>"; };
		C4A0E9C82783505D005D6662 /* AlamofireImplementations.swift */ = {isa = PBXFileReference; fileEncoding = 4; lastKnownFileType = sourcecode.swift; path = AlamofireImplementations.swift; sourceTree = "<group>"; };
		C4A0E9D4278350C7005D6662 /* AuthGoggleResponse.swift */ = {isa = PBXFileReference; lastKnownFileType = sourcecode.swift; path = AuthGoggleResponse.swift; sourceTree = "<group>"; };
		C4A0E9D6278350E9005D6662 /* User.swift */ = {isa = PBXFileReference; lastKnownFileType = sourcecode.swift; path = User.swift; sourceTree = "<group>"; };
		C4A0E9D8278350FD005D6662 /* Pet.swift */ = {isa = PBXFileReference; lastKnownFileType = sourcecode.swift; path = Pet.swift; sourceTree = "<group>"; };
		C4A0E9DA2783516A005D6662 /* AuthAPI.swift */ = {isa = PBXFileReference; lastKnownFileType = sourcecode.swift; path = AuthAPI.swift; sourceTree = "<group>"; };
		C4B86BC328550C6C00D58863 /* UIStackView+Init.swift */ = {isa = PBXFileReference; lastKnownFileType = sourcecode.swift; path = "UIStackView+Init.swift"; sourceTree = "<group>"; };
		C4C6189027B947170009AA1C /* GeneralViewController.swift */ = {isa = PBXFileReference; lastKnownFileType = sourcecode.swift; path = GeneralViewController.swift; sourceTree = "<group>"; };
		C4C6189127B947170009AA1C /* GeneralView.swift */ = {isa = PBXFileReference; lastKnownFileType = sourcecode.swift; path = GeneralView.swift; sourceTree = "<group>"; };
		C4C6189627B947380009AA1C /* GeneralProvider.swift */ = {isa = PBXFileReference; lastKnownFileType = sourcecode.swift; path = GeneralProvider.swift; sourceTree = "<group>"; };
		C4C6189827B948BC0009AA1C /* SFUIText-Semibold.ttf */ = {isa = PBXFileReference; lastKnownFileType = file; path = "SFUIText-Semibold.ttf"; sourceTree = "<group>"; };
		C4C6189927B948BC0009AA1C /* SFUIText-Regular.ttf */ = {isa = PBXFileReference; lastKnownFileType = file; path = "SFUIText-Regular.ttf"; sourceTree = "<group>"; };
		C4C6189A27B948BC0009AA1C /* SFUIText-Medium.ttf */ = {isa = PBXFileReference; lastKnownFileType = file; path = "SFUIText-Medium.ttf"; sourceTree = "<group>"; };
		C4C6189B27B948BC0009AA1C /* SFUIText-Light.ttf */ = {isa = PBXFileReference; lastKnownFileType = file; path = "SFUIText-Light.ttf"; sourceTree = "<group>"; };
		C4C6189C27B948BC0009AA1C /* SFUIText-Bold.ttf */ = {isa = PBXFileReference; lastKnownFileType = file; path = "SFUIText-Bold.ttf"; sourceTree = "<group>"; };
		C4C618A227B951070009AA1C /* ImageLoader.swift */ = {isa = PBXFileReference; lastKnownFileType = sourcecode.swift; path = ImageLoader.swift; sourceTree = "<group>"; };
		C4C618A627B95BBB0009AA1C /* RadialGradientView.swift */ = {isa = PBXFileReference; lastKnownFileType = sourcecode.swift; path = RadialGradientView.swift; sourceTree = "<group>"; };
		C4C618A927B95C210009AA1C /* MainActivityProgressView.swift */ = {isa = PBXFileReference; lastKnownFileType = sourcecode.swift; path = MainActivityProgressView.swift; sourceTree = "<group>"; };
		C4C618AB27B95C850009AA1C /* ActivityProgressView.swift */ = {isa = PBXFileReference; lastKnownFileType = sourcecode.swift; path = ActivityProgressView.swift; sourceTree = "<group>"; };
		C4DD24422786DF03006D2EE5 /* UserSettings.swift */ = {isa = PBXFileReference; lastKnownFileType = sourcecode.swift; path = UserSettings.swift; sourceTree = "<group>"; };
		C4DD24452786E036006D2EE5 /* UserDefaults+SaveStruct.swift */ = {isa = PBXFileReference; lastKnownFileType = sourcecode.swift; path = "UserDefaults+SaveStruct.swift"; sourceTree = "<group>"; };
		C4E0D3FB28587513004CFD8D /* ModalPetStateViewController.swift */ = {isa = PBXFileReference; lastKnownFileType = sourcecode.swift; path = ModalPetStateViewController.swift; sourceTree = "<group>"; };
		C4E0D3FC28587513004CFD8D /* ModalPetStateView.swift */ = {isa = PBXFileReference; lastKnownFileType = sourcecode.swift; path = ModalPetStateView.swift; sourceTree = "<group>"; };
		C4FB55B827A53F91006CBFF7 /* UIButton+BackgroundColoroForState.swift */ = {isa = PBXFileReference; lastKnownFileType = sourcecode.swift; path = "UIButton+BackgroundColoroForState.swift"; sourceTree = "<group>"; };
/* End PBXFileReference section */

/* Begin PBXFrameworksBuildPhase section */
		C4A0E95F2782DB48005D6662 /* Frameworks */ = {
			isa = PBXFrameworksBuildPhase;
			buildActionMask = 2147483647;
			files = (
				1B927F87CA22CD5C025E3F72 /* Pods_iPet.framework in Frameworks */,
				C41E1DA827A2886800AA773B /* HealthKit.framework in Frameworks */,
			);
			runOnlyForDeploymentPostprocessing = 0;
		};
/* End PBXFrameworksBuildPhase section */

/* Begin PBXGroup section */
		9C6F3F722854D8D3009A1C4F /* Profile */ = {
			isa = PBXGroup;
			children = (
				9C6F3F732854D9F1009A1C4F /* View */,
				9CC906D8285BAB1A00BE8F06 /* ProfileContentView.swift */,
				9C6F3F6E2854D88B009A1C4F /* ProfileViewController.swift */,
			);
			path = Profile;
			sourceTree = "<group>";
		};
		9C6F3F732854D9F1009A1C4F /* View */ = {
			isa = PBXGroup;
			children = (
				9C6F3F6F2854D88B009A1C4F /* ProfileView.swift */,
				9C6F3F892855E523009A1C4F /* UserSettingsSubview */,
				9C6F3F8E2855EF4D009A1C4F /* AppSettingsSubview */,
				9C6F3FC2285A1C56009A1C4F /* ExitAccountSubviews */,
				9C6F3F9528560222009A1C4F /* HeaderSubviews */,
			);
			path = View;
			sourceTree = "<group>";
		};
		9C6F3F892855E523009A1C4F /* UserSettingsSubview */ = {
			isa = PBXGroup;
			children = (
				9C6F3F852855E226009A1C4F /* UserMetricView.swift */,
				9C6F3FB82859F2E6009A1C4F /* GenderView.swift */,
				9C6F3F8A2855E553009A1C4F /* UserSettingContentView.swift */,
			);
			path = UserSettingsSubview;
			sourceTree = "<group>";
		};
		9C6F3F8E2855EF4D009A1C4F /* AppSettingsSubview */ = {
			isa = PBXGroup;
			children = (
				9C6F3F8C2855EF35009A1C4F /* AppSettingsView.swift */,
				9C6F3FBA2859FBDD009A1C4F /* LanguageSetting.swift */,
				9C6F3FBC2859FE1F009A1C4F /* RecallView.swift */,
				9C6F3FBE285A0140009A1C4F /* SocialNetworksView.swift */,
				9C6F3F8F2855EF71009A1C4F /* AppSettingsContentView.swift */,
			);
			path = AppSettingsSubview;
			sourceTree = "<group>";
		};
		9C6F3F9528560222009A1C4F /* HeaderSubviews */ = {
			isa = PBXGroup;
			children = (
				9C6F3F932856020D009A1C4F /* HeaderProfileView.swift */,
			);
			path = HeaderSubviews;
			sourceTree = "<group>";
		};
		9C6F3FC2285A1C56009A1C4F /* ExitAccountSubviews */ = {
			isa = PBXGroup;
			children = (
				9C6F3FC0285A1943009A1C4F /* ExitAccountView.swift */,
				9C6F3FC3285A1C90009A1C4F /* ExitAccountContainerView.swift */,
			);
			path = ExitAccountSubviews;
			sourceTree = "<group>";
		};
		AD63C7E1DE7D155D0AB3F1F8 /* Pods */ = {
			isa = PBXGroup;
			children = (
				BCDB67425DC14DD1605A7426 /* Pods-iPet.debug.xcconfig */,
				B8BB7D5D564207E8E6D279EA /* Pods-iPet.release.xcconfig */,
			);
			path = Pods;
			sourceTree = "<group>";
		};
		C4024EB72791725200248854 /* Provider */ = {
			isa = PBXGroup;
			children = (
				C4024EB82791726200248854 /* RegisterStepsInputProvider.swift */,
			);
			name = Provider;
			sourceTree = "<group>";
		};
		C4190F392786E6D200C005C7 /* Provider */ = {
			isa = PBXGroup;
			children = (
				C4190F3A2786E6DD00C005C7 /* RegisterUserInputProvider.swift */,
			);
			path = Provider;
			sourceTree = "<group>";
		};
		C4190F4427888B3500C005C7 /* Subview */ = {
			isa = PBXGroup;
			children = (
				C4190F4527888B4200C005C7 /* RegisterInputView.swift */,
			);
			path = Subview;
			sourceTree = "<group>";
		};
		C4190F492788940600C005C7 /* UserAPI */ = {
			isa = PBXGroup;
			children = (
				C4190F4B2788944400C005C7 /* UserCheckUsernameRequest.swift */,
				C4190F3E2786E89E00C005C7 /* UserCheckUsernameResponse.swift */,
				C4190F4227888A8000C005C7 /* UserUsernameTranslitResponse.swift */,
				C4190F4D2788947500C005C7 /* UserUsernameTranslitRequest.swift */,
				C4190F4F278899AB00C005C7 /* UserMeRequest.swift */,
				C4242DB6279000BA002B99E9 /* UserAvatarResponse.swift */,
				C4024EB327915A0A00248854 /* UserPetUserPetIdRequest.swift */,
				C48D6FDB28449B37009D36EE /* UserConfig.swift */,
			);
			path = UserAPI;
			sourceTree = "<group>";
		};
		C4190F4A2788940D00C005C7 /* AuthAPI */ = {
			isa = PBXGroup;
			children = (
				C4A0E9D8278350FD005D6662 /* Pet.swift */,
				C4A0E9D4278350C7005D6662 /* AuthGoggleResponse.swift */,
				C4A0E9D6278350E9005D6662 /* User.swift */,
				C4024EBA27917C1B00248854 /* UserPet.swift */,
			);
			path = AuthAPI;
			sourceTree = "<group>";
		};
		C41E1D8827A27A5700AA773B /* Service */ = {
			isa = PBXGroup;
			children = (
				C41E1D8927A27A5700AA773B /* AppleSignInService.swift */,
				C41E1D8B27A27BA700AA773B /* GoogleSignInService.swift */,
			);
			path = Service;
			sourceTree = "<group>";
		};
		C41E1D8D27A27DA300AA773B /* General */ = {
			isa = PBXGroup;
			children = (
				C42624AC2854715B001EF653 /* Model */,
				C4C6189527B9472A0009AA1C /* Provider */,
				C4C6189427B9471D0009AA1C /* View */,
				C4C6189027B947170009AA1C /* GeneralViewController.swift */,
			);
			path = General;
			sourceTree = "<group>";
		};
		C41E1D8E27A27E8800AA773B /* Services */ = {
			isa = PBXGroup;
			children = (
				C49D40A8283DD18900F42B2F /* HealthService */,
				C41E1D8F27A27F1300AA773B /* KeychainService.swift */,
				C41E1D9327A27F4600AA773B /* AuthService.swift */,
				C41E1D9A27A27FBA00AA773B /* LoggerService.swift */,
			);
			path = Services;
			sourceTree = "<group>";
		};
		C41E1D9527A27F7800AA773B /* ServiceLocator */ = {
			isa = PBXGroup;
			children = (
				C41E1D9627A27F7F00AA773B /* ServiceLocator.swift */,
				C41E1D9827A27F8B00AA773B /* Autowired.swift */,
			);
			path = ServiceLocator;
			sourceTree = "<group>";
		};
		C41E1D9E27A2800D00AA773B /* Generated */ = {
			isa = PBXGroup;
			children = (
				C4A0E99A2782E9BF005D6662 /* R.generated.swift */,
			);
			path = Generated;
			sourceTree = "<group>";
		};
		C41E1DA327A284DA00AA773B /* TabBar */ = {
			isa = PBXGroup;
			children = (
				C41E1DA427A284EA00AA773B /* TabBarController.swift */,
			);
			path = TabBar;
			sourceTree = "<group>";
		};
		C4242DB827900A8F002B99E9 /* RegisterStepsInput */ = {
			isa = PBXGroup;
			children = (
				C4024EB72791725200248854 /* Provider */,
				C4242DBB27900AB7002B99E9 /* View */,
				C4242DB927900AA8002B99E9 /* RegisterStepsInputViewController.swift */,
			);
			path = RegisterStepsInput;
			sourceTree = "<group>";
		};
		C4242DBB27900AB7002B99E9 /* View */ = {
			isa = PBXGroup;
			children = (
				C4242DBC27900AC3002B99E9 /* RegisterStepsInputView.swift */,
			);
			name = View;
			sourceTree = "<group>";
		};
		C4242DBE27900AF8002B99E9 /* RegisterPickPet */ = {
			isa = PBXGroup;
			children = (
				C4242DD227902A07002B99E9 /* Section */,
				C4242DD127902A02002B99E9 /* Model */,
				C4242DC427900DF8002B99E9 /* Provider */,
				C4242DC127900B13002B99E9 /* View */,
				C4242DBF27900B10002B99E9 /* RegisterPickPetViewController.swift */,
			);
			path = RegisterPickPet;
			sourceTree = "<group>";
		};
		C4242DC127900B13002B99E9 /* View */ = {
			isa = PBXGroup;
			children = (
				C4242DD827902B33002B99E9 /* Cell */,
				C4242DC227900B2A002B99E9 /* RegisterPickPetView.swift */,
			);
			path = View;
			sourceTree = "<group>";
		};
		C4242DC427900DF8002B99E9 /* Provider */ = {
			isa = PBXGroup;
			children = (
				C4242DC827900E5F002B99E9 /* RegisterPickPetProvider.swift */,
			);
			path = Provider;
			sourceTree = "<group>";
		};
		C4242DC727900E28002B99E9 /* PetAPI */ = {
			isa = PBXGroup;
			children = (
				C4242DCA27900F83002B99E9 /* PetRandomNameResponse.swift */,
				C4242DCC279025BE002B99E9 /* PetAnimation.swift */,
				C4242DDE279031B9002B99E9 /* PetResponse.swift */,
			);
			path = PetAPI;
			sourceTree = "<group>";
		};
		C4242DCE279029A5002B99E9 /* Model */ = {
			isa = PBXGroup;
			children = (
				C4190F402786E91300C005C7 /* ModelError.swift */,
				C4242DCF279029BB002B99E9 /* LoadingState.swift */,
			);
			path = Model;
			sourceTree = "<group>";
		};
		C4242DD127902A02002B99E9 /* Model */ = {
			isa = PBXGroup;
			children = (
				C4242DD327902A1F002B99E9 /* PetSectionModel.swift */,
			);
			path = Model;
			sourceTree = "<group>";
		};
		C4242DD227902A07002B99E9 /* Section */ = {
			isa = PBXGroup;
			children = (
				C4242DD527902A9E002B99E9 /* RegisterPetSectionController.swift */,
			);
			path = Section;
			sourceTree = "<group>";
		};
		C4242DD827902B33002B99E9 /* Cell */ = {
			isa = PBXGroup;
			children = (
				C4242DE0279087CC002B99E9 /* RegisterPickPetCell.swift */,
			);
			path = Cell;
			sourceTree = "<group>";
		};
		C4242DDB27902BA4002B99E9 /* IGListKit */ = {
			isa = PBXGroup;
			children = (
				C4242DDC27902BB7002B99E9 /* ListCollectionContext+Dequeue.swift */,
			);
			path = IGListKit;
			sourceTree = "<group>";
		};
		C4242DE2279095CA002B99E9 /* CollectionViewLayout */ = {
			isa = PBXGroup;
			children = (
				C4242DE3279095D5002B99E9 /* PagingFlowLayout.swift */,
			);
			path = CollectionViewLayout;
			sourceTree = "<group>";
		};
		C42624A62854680E001EF653 /* Views */ = {
			isa = PBXGroup;
			children = (
				C42624A928546827001EF653 /* VisualEffectView */,
			);
			path = Views;
			sourceTree = "<group>";
		};
		C42624A928546827001EF653 /* VisualEffectView */ = {
			isa = PBXGroup;
			children = (
				C42624A728546817001EF653 /* VisualEffectView.swift */,
			);
			path = VisualEffectView;
			sourceTree = "<group>";
		};
		C42624AC2854715B001EF653 /* Model */ = {
			isa = PBXGroup;
			children = (
				C42624AD28547167001EF653 /* PetState.swift */,
				C42624AF285472FA001EF653 /* ActiveStatus.swift */,
			);
			path = Model;
			sourceTree = "<group>";
		};
		C42B9AC227BD03E50095E795 /* AnimatedPet */ = {
			isa = PBXGroup;
			children = (
				C42B9AC327BD03FE0095E795 /* AnimatedPetView.swift */,
			);
			path = AnimatedPet;
			sourceTree = "<group>";
		};
		C485FBF427BCB89F0057C290 /* GeneralAPI */ = {
			isa = PBXGroup;
			children = (
				C485FBF527BCB8CD0057C290 /* APIGeneralResponse.swift */,
				C485FBF727BCB8E70057C290 /* Stats.swift */,
				C485FBF927BCB8FA0057C290 /* HoursStat.swift */,
			);
			path = GeneralAPI;
			sourceTree = "<group>";
		};
		C49D40A5283DD0B000F42B2F /* StatsAPI */ = {
			isa = PBXGroup;
			children = (
				C49D40A6283DD12700F42B2F /* StatsPostRequest.swift */,
			);
			path = StatsAPI;
			sourceTree = "<group>";
		};
		C49D40A8283DD18900F42B2F /* HealthService */ = {
			isa = PBXGroup;
			children = (
				C49D40A9283DD19100F42B2F /* HealthService.swift */,
				C49D40AB283DD1C800F42B2F /* HealthServiceProvider.swift */,
			);
			path = HealthService;
			sourceTree = "<group>";
		};
		C4A0E9592782DB48005D6662 = {
			isa = PBXGroup;
			children = (
				C4A0E9642782DB48005D6662 /* iPet */,
				C4A0E9632782DB48005D6662 /* Products */,
				AD63C7E1DE7D155D0AB3F1F8 /* Pods */,
				CECE3000E4268E8D7E347DA6 /* Frameworks */,
			);
			sourceTree = "<group>";
		};
		C4A0E9632782DB48005D6662 /* Products */ = {
			isa = PBXGroup;
			children = (
				C4A0E9622782DB48005D6662 /* iPet.app */,
			);
			name = Products;
			sourceTree = "<group>";
		};
		C4A0E9642782DB48005D6662 /* iPet */ = {
			isa = PBXGroup;
			children = (
				C4A0E9B527831991005D6662 /* iPet.entitlements */,
				C4A0E9792782DDBD005D6662 /* Application */,
				C4A0E97D2782DE64005D6662 /* Common */,
				C4A0E97C2782DE4F005D6662 /* Module */,
				C4A0E9BD27834FF7005D6662 /* Network */,
				C4A0E97A2782DDDC005D6662 /* Resources */,
			);
			path = iPet;
			sourceTree = "<group>";
		};
		C4A0E9792782DDBD005D6662 /* Application */ = {
			isa = PBXGroup;
			children = (
				C4A0E9652782DB48005D6662 /* AppDelegate.swift */,
				C41E1D9527A27F7800AA773B /* ServiceLocator */,
				C41E1D8E27A27E8800AA773B /* Services */,
			);
			path = Application;
			sourceTree = "<group>";
		};
		C4A0E97A2782DDDC005D6662 /* Resources */ = {
			isa = PBXGroup;
			children = (
				C4A0E9B627834617005D6662 /* GoogleService-Info.plist */,
				C4A0E9732782DB49005D6662 /* Info.plist */,
				C41E1D9F27A2802D00AA773B /* Constants.swift */,
				C4A0E96E2782DB49005D6662 /* Assets.xcassets */,
				C4A0E97B2782DE46005D6662 /* Fonts */,
				C41E1D9E27A2800D00AA773B /* Generated */,
			);
			path = Resources;
			sourceTree = "<group>";
		};
		C4A0E97B2782DE46005D6662 /* Fonts */ = {
			isa = PBXGroup;
			children = (
				C4C6189C27B948BC0009AA1C /* SFUIText-Bold.ttf */,
				C4C6189B27B948BC0009AA1C /* SFUIText-Light.ttf */,
				C4C6189A27B948BC0009AA1C /* SFUIText-Medium.ttf */,
				C4C6189927B948BC0009AA1C /* SFUIText-Regular.ttf */,
				C4C6189827B948BC0009AA1C /* SFUIText-Semibold.ttf */,
				C4A0E99C2782EC0F005D6662 /* MontserratBold.ttf */,
				C4A0E99D2782EC0F005D6662 /* MontserratMedium.ttf */,
				C4A0E99E2782EC0F005D6662 /* MontserratRegular.ttf */,
				C4A0E99F2782EC0F005D6662 /* MontserratSemiBold.ttf */,
			);
			path = Fonts;
			sourceTree = "<group>";
		};
		C4A0E97C2782DE4F005D6662 /* Module */ = {
			isa = PBXGroup;
			children = (
				C4E0D3F9285874A9004CFD8D /* Modals */,
				C41E1DA327A284DA00AA773B /* TabBar */,
				C41E1D8D27A27DA300AA773B /* General */,
				C4A0E9A42782F2A3005D6662 /* Register */,
				C4A0E98D2782E772005D6662 /* Onboarding */,
				C4A0E97E2782DE94005D6662 /* Launch */,
				9C6F3F722854D8D3009A1C4F /* Profile */,
			);
			path = Module;
			sourceTree = "<group>";
		};
		C4A0E97D2782DE64005D6662 /* Common */ = {
			isa = PBXGroup;
			children = (
				C4242DCE279029A5002B99E9 /* Model */,
				C4A0E9AA2782F521005D6662 /* Extension */,
				C4A0E9972782E91F005D6662 /* Helpers */,
				C4A0E9822782E08C005D6662 /* UI */,
			);
			path = Common;
			sourceTree = "<group>";
		};
		C4A0E97E2782DE94005D6662 /* Launch */ = {
			isa = PBXGroup;
			children = (
				C4A0E9812782E05F005D6662 /* View */,
				C4A0E97F2782DEA6005D6662 /* LaunchViewController.swift */,
			);
			path = Launch;
			sourceTree = "<group>";
		};
		C4A0E9812782E05F005D6662 /* View */ = {
			isa = PBXGroup;
			children = (
				C4A0E98A2782E144005D6662 /* LaunchView.swift */,
			);
			path = View;
			sourceTree = "<group>";
		};
		C4A0E9822782E08C005D6662 /* UI */ = {
			isa = PBXGroup;
			children = (
				C42624A62854680E001EF653 /* Views */,
				C4242DE2279095CA002B99E9 /* CollectionViewLayout */,
				C4A0E9932782E844005D6662 /* Controllers */,
			);
			path = UI;
			sourceTree = "<group>";
		};
		C4A0E9832782E093005D6662 /* RootViewController */ = {
			isa = PBXGroup;
			children = (
				C4A0E9872782E0DC005D6662 /* View */,
				C4A0E9842782E0A6005D6662 /* RootViewController.swift */,
			);
			path = RootViewController;
			sourceTree = "<group>";
		};
		C4A0E9872782E0DC005D6662 /* View */ = {
			isa = PBXGroup;
			children = (
				C4A0E9882782E0E4005D6662 /* RootView.swift */,
			);
			path = View;
			sourceTree = "<group>";
		};
		C4A0E98D2782E772005D6662 /* Onboarding */ = {
			isa = PBXGroup;
			children = (
				C4A0E9902782E78D005D6662 /* View */,
				C4A0E98E2782E783005D6662 /* OnboardingViewController.swift */,
			);
			path = Onboarding;
			sourceTree = "<group>";
		};
		C4A0E9902782E78D005D6662 /* View */ = {
			isa = PBXGroup;
			children = (
				C4A0E9912782E79F005D6662 /* OnboardingView.swift */,
			);
			path = View;
			sourceTree = "<group>";
		};
		C4A0E9932782E844005D6662 /* Controllers */ = {
			isa = PBXGroup;
			children = (
				C4A0E9962782E85D005D6662 /* SwipeNavigationController */,
				C4A0E9832782E093005D6662 /* RootViewController */,
			);
			path = Controllers;
			sourceTree = "<group>";
		};
		C4A0E9962782E85D005D6662 /* SwipeNavigationController */ = {
			isa = PBXGroup;
			children = (
				C4A0E9942782E858005D6662 /* SwipeNavigationController.swift */,
			);
			path = SwipeNavigationController;
			sourceTree = "<group>";
		};
		C4A0E9972782E91F005D6662 /* Helpers */ = {
			isa = PBXGroup;
			children = (
				C4DD24422786DF03006D2EE5 /* UserSettings.swift */,
				C4A0E9BB27834CC3005D6662 /* Utils.swift */,
				C4A0E9982782E93C005D6662 /* LaunchHelper.swift */,
				C4190F4727888CF800C005C7 /* Animations.swift */,
				C4C618A227B951070009AA1C /* ImageLoader.swift */,
			);
			path = Helpers;
			sourceTree = "<group>";
		};
		C4A0E9A42782F2A3005D6662 /* Register */ = {
			isa = PBXGroup;
			children = (
				C4242DBE27900AF8002B99E9 /* RegisterPickPet */,
				C4242DB827900A8F002B99E9 /* RegisterStepsInput */,
				C4A0E9AF2782F844005D6662 /* RegisterUserInput */,
				C4A0E9AE2782F827005D6662 /* SignIn */,
			);
			path = Register;
			sourceTree = "<group>";
		};
		C4A0E9A72782F2BA005D6662 /* View */ = {
			isa = PBXGroup;
			children = (
				C4A0E9A82782F2C6005D6662 /* SignInView.swift */,
			);
			path = View;
			sourceTree = "<group>";
		};
		C4A0E9AA2782F521005D6662 /* Extension */ = {
			isa = PBXGroup;
			children = (
				C4242DDB27902BA4002B99E9 /* IGListKit */,
				C4DD24442786E029006D2EE5 /* Foundation */,
				C4A0E9AB2782F528005D6662 /* UIKit */,
			);
			path = Extension;
			sourceTree = "<group>";
		};
		C4A0E9AB2782F528005D6662 /* UIKit */ = {
			isa = PBXGroup;
			children = (
				C489F83E27A994D700354C1F /* UIDevice+Model.swift */,
				C4A0E9AC2782F534005D6662 /* UIColor+Hex.swift */,
				9C6F3F872855E302009A1C4F /* UIStackView + Init.swift */,
				C48D2928278369DA00BC23F2 /* UIView+Underlined.swift */,
				C48D292A278372BD00BC23F2 /* UIViewController+HideKeyboard.swift */,
				C4FB55B827A53F91006CBFF7 /* UIButton+BackgroundColoroForState.swift */,
				9C6F3F912856007A009A1C4F /* GradientView.swift */,
				9C6F3F9C2856199D009A1C4F /* AnimalPhotoView.swift */,
				C4B86BC328550C6C00D58863 /* UIStackView+Init.swift */,
			);
			path = UIKit;
			sourceTree = "<group>";
		};
		C4A0E9AE2782F827005D6662 /* SignIn */ = {
			isa = PBXGroup;
			children = (
				C41E1D8827A27A5700AA773B /* Service */,
				C4A0E9B827834ACA005D6662 /* Provider */,
				C4A0E9A72782F2BA005D6662 /* View */,
				C4A0E9A52782F2B3005D6662 /* SignInViewController.swift */,
			);
			path = SignIn;
			sourceTree = "<group>";
		};
		C4A0E9AF2782F844005D6662 /* RegisterUserInput */ = {
			isa = PBXGroup;
			children = (
				C4190F392786E6D200C005C7 /* Provider */,
				C4A0E9B22782F870005D6662 /* View */,
				C4A0E9B02782F85D005D6662 /* RegisterUserInputViewController.swift */,
			);
			path = RegisterUserInput;
			sourceTree = "<group>";
		};
		C4A0E9B22782F870005D6662 /* View */ = {
			isa = PBXGroup;
			children = (
				C4190F4427888B3500C005C7 /* Subview */,
				C4A0E9B32782F87D005D6662 /* RegisterUserInputView.swift */,
			);
			path = View;
			sourceTree = "<group>";
		};
		C4A0E9B827834ACA005D6662 /* Provider */ = {
			isa = PBXGroup;
			children = (
				C4A0E9B927834BBE005D6662 /* SignInProvider.swift */,
			);
			path = Provider;
			sourceTree = "<group>";
		};
		C4A0E9BD27834FF7005D6662 /* Network */ = {
			isa = PBXGroup;
			children = (
				C4A0E9C82783505D005D6662 /* AlamofireImplementations.swift */,
				C4A0E9BF2783505D005D6662 /* APIHelper.swift */,
				C4A0E9C32783505D005D6662 /* APIs.swift */,
				C4A0E9C62783505D005D6662 /* CodableHelper.swift */,
				C4A0E9C52783505D005D6662 /* Configuration.swift */,
				C4A0E9C22783505D005D6662 /* Extensions.swift */,
				C4A0E9C72783505D005D6662 /* JSONEncodableEncoding.swift */,
				C4A0E9BE2783505D005D6662 /* JSONEncodingHelper.swift */,
				C4A0E9C02783505D005D6662 /* JSONValue.swift */,
				C4A0E9C12783505D005D6662 /* Models.swift */,
				C4A0E9C92783505D005D6662 /* APIs */,
				C4A0E9C42783505D005D6662 /* Models */,
			);
			path = Network;
			sourceTree = "<group>";
		};
		C4A0E9C42783505D005D6662 /* Models */ = {
			isa = PBXGroup;
			children = (
				C49D40A5283DD0B000F42B2F /* StatsAPI */,
				C485FBF427BCB89F0057C290 /* GeneralAPI */,
				C4242DC727900E28002B99E9 /* PetAPI */,
				C4190F4A2788940D00C005C7 /* AuthAPI */,
				C4190F492788940600C005C7 /* UserAPI */,
				C4024EB527915B5500248854 /* OkResponse.swift */,
			);
			path = Models;
			sourceTree = "<group>";
		};
		C4A0E9C92783505D005D6662 /* APIs */ = {
			isa = PBXGroup;
			children = (
				C4A0E9DA2783516A005D6662 /* AuthAPI.swift */,
				C4190F3C2786E7B300C005C7 /* UserAPI.swift */,
				C4242DC527900E0B002B99E9 /* PetAPI.swift */,
				C485FBFB27BCB9180057C290 /* GeneralAPI.swift */,
				C49D40A3283DD0A800F42B2F /* StatsAPI.swift */,
			);
			path = APIs;
			sourceTree = "<group>";
		};
		C4C6189427B9471D0009AA1C /* View */ = {
			isa = PBXGroup;
			children = (
				C4C618A527B95BAC0009AA1C /* Subview */,
				C4C6189127B947170009AA1C /* GeneralView.swift */,
			);
			path = View;
			sourceTree = "<group>";
		};
		C4C6189527B9472A0009AA1C /* Provider */ = {
			isa = PBXGroup;
			children = (
				C4C6189627B947380009AA1C /* GeneralProvider.swift */,
			);
			path = Provider;
			sourceTree = "<group>";
		};
		C4C618A527B95BAC0009AA1C /* Subview */ = {
			isa = PBXGroup;
			children = (
				C42B9AC227BD03E50095E795 /* AnimatedPet */,
				C4C618AD27B965FB0009AA1C /* ActivityProgress */,
				C4C618A627B95BBB0009AA1C /* RadialGradientView.swift */,
				C48D6FDD2844A4EA009D36EE /* AchivmentsView.swift */,
			);
			path = Subview;
			sourceTree = "<group>";
		};
		C4C618AD27B965FB0009AA1C /* ActivityProgress */ = {
			isa = PBXGroup;
			children = (
				C4C618AB27B95C850009AA1C /* ActivityProgressView.swift */,
				C4C618A927B95C210009AA1C /* MainActivityProgressView.swift */,
			);
			path = ActivityProgress;
			sourceTree = "<group>";
		};
		C4DD24442786E029006D2EE5 /* Foundation */ = {
			isa = PBXGroup;
			children = (
				C4DD24452786E036006D2EE5 /* UserDefaults+SaveStruct.swift */,
				C41E1D9C27A27FEE00AA773B /* Bundle+Version.swift */,
				C41E1DA127A2805200AA773B /* Bundle+Current.swift */,
				C49D40AD283DD49000F42B2F /* Date+EndOfDate.swift */,
				C49D40AF283DD4A400F42B2F /* Date+Add.swift */,
				C49D40B1283DD64F00F42B2F /* Date+DatesBetweenTwoDates.swift */,
				C42624AA2854691A001EF653 /* String+Base64.swift */,
			);
			path = Foundation;
			sourceTree = "<group>";
		};
		C4E0D3F9285874A9004CFD8D /* Modals */ = {
			isa = PBXGroup;
			children = (
				C4E0D3FA285874B1004CFD8D /* ModalPetState */,
			);
			path = Modals;
			sourceTree = "<group>";
		};
		C4E0D3FA285874B1004CFD8D /* ModalPetState */ = {
			isa = PBXGroup;
			children = (
				C4E0D3FF28587540004CFD8D /* View */,
				C4E0D3FB28587513004CFD8D /* ModalPetStateViewController.swift */,
			);
			path = ModalPetState;
			sourceTree = "<group>";
		};
		C4E0D3FF28587540004CFD8D /* View */ = {
			isa = PBXGroup;
			children = (
				C4E0D3FC28587513004CFD8D /* ModalPetStateView.swift */,
			);
			path = View;
			sourceTree = "<group>";
		};
		CECE3000E4268E8D7E347DA6 /* Frameworks */ = {
			isa = PBXGroup;
			children = (
				C41E1DA727A2886800AA773B /* HealthKit.framework */,
				137E1A45FC5FB849D6E6C76A /* Pods_iPet.framework */,
			);
			name = Frameworks;
			sourceTree = "<group>";
		};
/* End PBXGroup section */

/* Begin PBXNativeTarget section */
		C4A0E9612782DB48005D6662 /* iPet */ = {
			isa = PBXNativeTarget;
			buildConfigurationList = C4A0E9762782DB49005D6662 /* Build configuration list for PBXNativeTarget "iPet" */;
			buildPhases = (
				33C13FDDA3B0218E01B7011B /* [CP] Check Pods Manifest.lock */,
				C4C618A427B9523A0009AA1C /* Update Info.plist Fonts */,
				C4A0E98C2782E5EB005D6662 /* R.swift codegen */,
				C4A0E95E2782DB48005D6662 /* Sources */,
				C4A0E95F2782DB48005D6662 /* Frameworks */,
				C4A0E9602782DB48005D6662 /* Resources */,
				44262F7AD0062443EF039BC6 /* [CP] Embed Pods Frameworks */,
			);
			buildRules = (
			);
			dependencies = (
			);
			name = iPet;
			productName = iPet;
			productReference = C4A0E9622782DB48005D6662 /* iPet.app */;
			productType = "com.apple.product-type.application";
		};
/* End PBXNativeTarget section */

/* Begin PBXProject section */
		C4A0E95A2782DB48005D6662 /* Project object */ = {
			isa = PBXProject;
			attributes = {
				BuildIndependentTargetsInParallel = 1;
				LastSwiftUpdateCheck = 1320;
				LastUpgradeCheck = 1320;
				TargetAttributes = {
					C4A0E9612782DB48005D6662 = {
						CreatedOnToolsVersion = 13.2.1;
					};
				};
			};
			buildConfigurationList = C4A0E95D2782DB48005D6662 /* Build configuration list for PBXProject "iPet" */;
			compatibilityVersion = "Xcode 13.0";
			developmentRegion = en;
			hasScannedForEncodings = 0;
			knownRegions = (
				en,
				Base,
			);
			mainGroup = C4A0E9592782DB48005D6662;
			productRefGroup = C4A0E9632782DB48005D6662 /* Products */;
			projectDirPath = "";
			projectRoot = "";
			targets = (
				C4A0E9612782DB48005D6662 /* iPet */,
			);
		};
/* End PBXProject section */

/* Begin PBXResourcesBuildPhase section */
		C4A0E9602782DB48005D6662 /* Resources */ = {
			isa = PBXResourcesBuildPhase;
			buildActionMask = 2147483647;
			files = (
				C4C618A127B948BC0009AA1C /* SFUIText-Bold.ttf in Resources */,
				C4A0E9A12782EC0F005D6662 /* MontserratMedium.ttf in Resources */,
				C4A0E9A02782EC0F005D6662 /* MontserratBold.ttf in Resources */,
				C4A0E9A22782EC0F005D6662 /* MontserratRegular.ttf in Resources */,
				C4C6189E27B948BC0009AA1C /* SFUIText-Regular.ttf in Resources */,
				C4C6189F27B948BC0009AA1C /* SFUIText-Medium.ttf in Resources */,
				C4C618A027B948BC0009AA1C /* SFUIText-Light.ttf in Resources */,
				C4A0E96F2782DB49005D6662 /* Assets.xcassets in Resources */,
				C4A0E9A32782EC0F005D6662 /* MontserratSemiBold.ttf in Resources */,
				C4C6189D27B948BC0009AA1C /* SFUIText-Semibold.ttf in Resources */,
				C4A0E9B727834617005D6662 /* GoogleService-Info.plist in Resources */,
			);
			runOnlyForDeploymentPostprocessing = 0;
		};
/* End PBXResourcesBuildPhase section */

/* Begin PBXShellScriptBuildPhase section */
		33C13FDDA3B0218E01B7011B /* [CP] Check Pods Manifest.lock */ = {
			isa = PBXShellScriptBuildPhase;
			buildActionMask = 2147483647;
			files = (
			);
			inputFileListPaths = (
			);
			inputPaths = (
				"${PODS_PODFILE_DIR_PATH}/Podfile.lock",
				"${PODS_ROOT}/Manifest.lock",
			);
			name = "[CP] Check Pods Manifest.lock";
			outputFileListPaths = (
			);
			outputPaths = (
				"$(DERIVED_FILE_DIR)/Pods-iPet-checkManifestLockResult.txt",
			);
			runOnlyForDeploymentPostprocessing = 0;
			shellPath = /bin/sh;
			shellScript = "diff \"${PODS_PODFILE_DIR_PATH}/Podfile.lock\" \"${PODS_ROOT}/Manifest.lock\" > /dev/null\nif [ $? != 0 ] ; then\n    # print error to STDERR\n    echo \"error: The sandbox is not in sync with the Podfile.lock. Run 'pod install' or update your CocoaPods installation.\" >&2\n    exit 1\nfi\n# This output is used by Xcode 'outputs' to avoid re-running this script phase.\necho \"SUCCESS\" > \"${SCRIPT_OUTPUT_FILE_0}\"\n";
			showEnvVarsInLog = 0;
		};
		44262F7AD0062443EF039BC6 /* [CP] Embed Pods Frameworks */ = {
			isa = PBXShellScriptBuildPhase;
			buildActionMask = 2147483647;
			files = (
			);
			inputFileListPaths = (
				"${PODS_ROOT}/Target Support Files/Pods-iPet/Pods-iPet-frameworks-${CONFIGURATION}-input-files.xcfilelist",
			);
			name = "[CP] Embed Pods Frameworks";
			outputFileListPaths = (
				"${PODS_ROOT}/Target Support Files/Pods-iPet/Pods-iPet-frameworks-${CONFIGURATION}-output-files.xcfilelist",
			);
			runOnlyForDeploymentPostprocessing = 0;
			shellPath = /bin/sh;
			shellScript = "\"${PODS_ROOT}/Target Support Files/Pods-iPet/Pods-iPet-frameworks.sh\"\n";
			showEnvVarsInLog = 0;
		};
		C4A0E98C2782E5EB005D6662 /* R.swift codegen */ = {
			isa = PBXShellScriptBuildPhase;
			buildActionMask = 12;
			files = (
			);
			inputFileListPaths = (
			);
			inputPaths = (
				"$TEMP_DIR/rswift-lastrun",
			);
			name = "R.swift codegen";
			outputFileListPaths = (
			);
			outputPaths = (
				$SRCROOT/$PROJECT_NAME/Resources/Generated/R.generated.swift,
			);
			runOnlyForDeploymentPostprocessing = 0;
			shellPath = /bin/sh;
			shellScript = "\"$PODS_ROOT/R.swift/rswift\" generate \"$SRCROOT/$PROJECT_NAME/Resources/Generated/R.generated.swift\"\n";
		};
		C4C618A427B9523A0009AA1C /* Update Info.plist Fonts */ = {
			isa = PBXShellScriptBuildPhase;
			buildActionMask = 2147483647;
			files = (
			);
			inputFileListPaths = (
			);
			inputPaths = (
			);
			name = "Update Info.plist Fonts";
			outputFileListPaths = (
			);
			outputPaths = (
			);
			runOnlyForDeploymentPostprocessing = 0;
			shellPath = /bin/sh;
			shellScript = "#!/bin/bash\n/usr/libexec/PlistBuddy -c \"Delete :UIAppFonts\" \"${INFOPLIST_FILE}\"\n/usr/libexec/PlistBuddy -c \"Add :UIAppFonts array\" \"${INFOPLIST_FILE}\"\nfor fn in `ls -1 ${PROJECT_NAME}/Resources/Fonts`; do\n    /usr/libexec/PlistBuddy -c \"Add :UIAppFonts:0 string \\\"${fn}\\\"\" \"${INFOPLIST_FILE}\"\ndone\n";
		};
/* End PBXShellScriptBuildPhase section */

/* Begin PBXSourcesBuildPhase section */
		C4A0E95E2782DB48005D6662 /* Sources */ = {
			isa = PBXSourcesBuildPhase;
			buildActionMask = 2147483647;
			files = (
				C4C618AC27B95C850009AA1C /* ActivityProgressView.swift in Sources */,
				C4242DC927900E5F002B99E9 /* RegisterPickPetProvider.swift in Sources */,
				C4A0E9B42782F87D005D6662 /* RegisterUserInputView.swift in Sources */,
				C4A0E9892782E0E4005D6662 /* RootView.swift in Sources */,
				9C6F3F862855E226009A1C4F /* UserMetricView.swift in Sources */,
				C4190F4627888B4200C005C7 /* RegisterInputView.swift in Sources */,
				C42624B0285472FA001EF653 /* ActiveStatus.swift in Sources */,
				C4A0E9DB2783516A005D6662 /* AuthAPI.swift in Sources */,
				C4A0E9BA27834BBE005D6662 /* SignInProvider.swift in Sources */,
				C4242DDD27902BB7002B99E9 /* ListCollectionContext+Dequeue.swift in Sources */,
				C4A0E9A62782F2B3005D6662 /* SignInViewController.swift in Sources */,
				C4A0E98F2782E783005D6662 /* OnboardingViewController.swift in Sources */,
				C49D40AE283DD49000F42B2F /* Date+EndOfDate.swift in Sources */,
				C4190F4E2788947500C005C7 /* UserUsernameTranslitRequest.swift in Sources */,
				C42B9AC427BD03FE0095E795 /* AnimatedPetView.swift in Sources */,
				C4A0E9CB2783505D005D6662 /* APIHelper.swift in Sources */,
				C4190F3D2786E7B300C005C7 /* UserAPI.swift in Sources */,
				C4A0E9D02783505D005D6662 /* Configuration.swift in Sources */,
				C4C618A727B95BBB0009AA1C /* RadialGradientView.swift in Sources */,
				C4190F50278899AB00C005C7 /* UserMeRequest.swift in Sources */,
				C41E1D9D27A27FEE00AA773B /* Bundle+Version.swift in Sources */,
				C4E0D3FD28587513004CFD8D /* ModalPetStateViewController.swift in Sources */,
				C49D40AC283DD1C800F42B2F /* HealthServiceProvider.swift in Sources */,
				C485FBFA27BCB8FA0057C290 /* HoursStat.swift in Sources */,
				C41E1D9927A27F8B00AA773B /* Autowired.swift in Sources */,
				C41E1D8C27A27BA700AA773B /* GoogleSignInService.swift in Sources */,
				C4B86BC428550C6C00D58863 /* UIStackView+Init.swift in Sources */,
				C4A0E9CD2783505D005D6662 /* Models.swift in Sources */,
				9CC906D9285BAB1A00BE8F06 /* ProfileContentView.swift in Sources */,
				C4A0E9D7278350E9005D6662 /* User.swift in Sources */,
				C4242DDF279031B9002B99E9 /* PetResponse.swift in Sources */,
				C4242DC327900B2A002B99E9 /* RegisterPickPetView.swift in Sources */,
				9C6F3FBF285A0140009A1C4F /* SocialNetworksView.swift in Sources */,
				C48D6FDE2844A4EA009D36EE /* AchivmentsView.swift in Sources */,
				C4C618A327B951070009AA1C /* ImageLoader.swift in Sources */,
				C49D40A4283DD0A800F42B2F /* StatsAPI.swift in Sources */,
				C4C618AA27B95C210009AA1C /* MainActivityProgressView.swift in Sources */,
				C4A0E98B2782E144005D6662 /* LaunchView.swift in Sources */,
				C49D40AA283DD19100F42B2F /* HealthService.swift in Sources */,
				C4190F4C2788944400C005C7 /* UserCheckUsernameRequest.swift in Sources */,
				C4024EB92791726200248854 /* RegisterStepsInputProvider.swift in Sources */,
				C4242DD627902A9E002B99E9 /* RegisterPetSectionController.swift in Sources */,
				C4A0E9662782DB48005D6662 /* AppDelegate.swift in Sources */,
				C4A0E9CE2783505D005D6662 /* Extensions.swift in Sources */,
				9C6F3FC1285A1943009A1C4F /* ExitAccountView.swift in Sources */,
				C4190F412786E91300C005C7 /* ModelError.swift in Sources */,
				C485FBF627BCB8CD0057C290 /* APIGeneralResponse.swift in Sources */,
				C4A0E9802782DEA6005D6662 /* LaunchViewController.swift in Sources */,
				C41E1DA527A284EA00AA773B /* TabBarController.swift in Sources */,
				C41E1D9427A27F4600AA773B /* AuthService.swift in Sources */,
				C4A0E9CC2783505D005D6662 /* JSONValue.swift in Sources */,
				C4A0E9852782E0A6005D6662 /* RootViewController.swift in Sources */,
				C4A0E9D9278350FD005D6662 /* Pet.swift in Sources */,
				C4190F4827888CF800C005C7 /* Animations.swift in Sources */,
				C4024EB627915B5500248854 /* OkResponse.swift in Sources */,
				9C6F3F902855EF71009A1C4F /* AppSettingsContentView.swift in Sources */,
				C4190F3B2786E6DD00C005C7 /* RegisterUserInputProvider.swift in Sources */,
				9C6F3F8D2855EF35009A1C4F /* AppSettingsView.swift in Sources */,
				C4242DBA27900AA8002B99E9 /* RegisterStepsInputViewController.swift in Sources */,
				C4190F4327888A8000C005C7 /* UserUsernameTranslitResponse.swift in Sources */,
				C4242DC027900B10002B99E9 /* RegisterPickPetViewController.swift in Sources */,
				C485FBF827BCB8E70057C290 /* Stats.swift in Sources */,
				C4A0E9BC27834CC3005D6662 /* Utils.swift in Sources */,
				C4242DD427902A1F002B99E9 /* PetSectionModel.swift in Sources */,
				C4C6189327B947170009AA1C /* GeneralView.swift in Sources */,
				C49D40B2283DD64F00F42B2F /* Date+DatesBetweenTwoDates.swift in Sources */,
				C4190F3F2786E89E00C005C7 /* UserCheckUsernameResponse.swift in Sources */,
				C4242DD0279029BB002B99E9 /* LoadingState.swift in Sources */,
				C4242DCB27900F83002B99E9 /* PetRandomNameResponse.swift in Sources */,
				C4A0E9D32783505D005D6662 /* AlamofireImplementations.swift in Sources */,
				9C6F3F702854D88B009A1C4F /* ProfileViewController.swift in Sources */,
				C49D40B0283DD4A400F42B2F /* Date+Add.swift in Sources */,
				C4C6189727B947380009AA1C /* GeneralProvider.swift in Sources */,
				C4A0E9B12782F85D005D6662 /* RegisterUserInputViewController.swift in Sources */,
				C4A0E9992782E93C005D6662 /* LaunchHelper.swift in Sources */,
				C485FBFC27BCB9180057C290 /* GeneralAPI.swift in Sources */,
				9C6F3F8B2855E553009A1C4F /* UserSettingContentView.swift in Sources */,
				C4A0E99B2782E9BF005D6662 /* R.generated.swift in Sources */,
				C41E1D8A27A27A5700AA773B /* AppleSignInService.swift in Sources */,
				C41E1DA027A2802D00AA773B /* Constants.swift in Sources */,
				C4A0E9AD2782F534005D6662 /* UIColor+Hex.swift in Sources */,
				C4024EB427915A0A00248854 /* UserPetUserPetIdRequest.swift in Sources */,
				C4A0E9CA2783505D005D6662 /* JSONEncodingHelper.swift in Sources */,
				C4A0E9D22783505D005D6662 /* JSONEncodableEncoding.swift in Sources */,
				C4E0D3FE28587513004CFD8D /* ModalPetStateView.swift in Sources */,
				C41E1DA227A2805200AA773B /* Bundle+Current.swift in Sources */,
				C4FB55B927A53F91006CBFF7 /* UIButton+BackgroundColoroForState.swift in Sources */,
				9C6F3FBB2859FBDD009A1C4F /* LanguageSetting.swift in Sources */,
				C4242DCD279025BE002B99E9 /* PetAnimation.swift in Sources */,
				C4242DE4279095D5002B99E9 /* PagingFlowLayout.swift in Sources */,
				9C6F3F882855E302009A1C4F /* UIStackView + Init.swift in Sources */,
				C4024EBB27917C1B00248854 /* UserPet.swift in Sources */,
				C41E1D9B27A27FBA00AA773B /* LoggerService.swift in Sources */,
				C42624AB2854691A001EF653 /* String+Base64.swift in Sources */,
				9C6F3F712854D88B009A1C4F /* ProfileView.swift in Sources */,
				9C6F3F942856020D009A1C4F /* HeaderProfileView.swift in Sources */,
				C41E1D9027A27F1300AA773B /* KeychainService.swift in Sources */,
				9C6F3F922856007A009A1C4F /* GradientView.swift in Sources */,
				C42624AE28547167001EF653 /* PetState.swift in Sources */,
				9C6F3F9D2856199D009A1C4F /* AnimalPhotoView.swift in Sources */,
				C4A0E9CF2783505D005D6662 /* APIs.swift in Sources */,
				C4DD24462786E036006D2EE5 /* UserDefaults+SaveStruct.swift in Sources */,
				C4242DBD27900AC3002B99E9 /* RegisterStepsInputView.swift in Sources */,
				C4A0E9A92782F2C6005D6662 /* SignInView.swift in Sources */,
				C4C6189227B947170009AA1C /* GeneralViewController.swift in Sources */,
				C48D292B278372BD00BC23F2 /* UIViewController+HideKeyboard.swift in Sources */,
				C489F83F27A994D700354C1F /* UIDevice+Model.swift in Sources */,
				C4A0E9952782E858005D6662 /* SwipeNavigationController.swift in Sources */,
				9C6F3FC4285A1C90009A1C4F /* ExitAccountContainerView.swift in Sources */,
				C4A0E9D5278350C7005D6662 /* AuthGoggleResponse.swift in Sources */,
				C4242DC627900E0B002B99E9 /* PetAPI.swift in Sources */,
				9C6F3FB92859F2E6009A1C4F /* GenderView.swift in Sources */,
				C4A0E9D12783505D005D6662 /* CodableHelper.swift in Sources */,
				C48D6FDC28449B37009D36EE /* UserConfig.swift in Sources */,
				C41E1D9727A27F7F00AA773B /* ServiceLocator.swift in Sources */,
				C42624A828546818001EF653 /* VisualEffectView.swift in Sources */,
				9C6F3FBD2859FE1F009A1C4F /* RecallView.swift in Sources */,
				C48D2929278369DA00BC23F2 /* UIView+Underlined.swift in Sources */,
				C4A0E9922782E79F005D6662 /* OnboardingView.swift in Sources */,
				C4242DE1279087CC002B99E9 /* RegisterPickPetCell.swift in Sources */,
				C4242DB7279000BA002B99E9 /* UserAvatarResponse.swift in Sources */,
				C49D40A7283DD12700F42B2F /* StatsPostRequest.swift in Sources */,
				C4DD24432786DF03006D2EE5 /* UserSettings.swift in Sources */,
			);
			runOnlyForDeploymentPostprocessing = 0;
		};
/* End PBXSourcesBuildPhase section */

/* Begin XCBuildConfiguration section */
		C4A0E9742782DB49005D6662 /* Debug */ = {
			isa = XCBuildConfiguration;
			buildSettings = {
				ALWAYS_SEARCH_USER_PATHS = NO;
				CLANG_ANALYZER_NONNULL = YES;
				CLANG_ANALYZER_NUMBER_OBJECT_CONVERSION = YES_AGGRESSIVE;
				CLANG_CXX_LANGUAGE_STANDARD = "gnu++17";
				CLANG_CXX_LIBRARY = "libc++";
				CLANG_ENABLE_MODULES = YES;
				CLANG_ENABLE_OBJC_ARC = YES;
				CLANG_ENABLE_OBJC_WEAK = YES;
				CLANG_WARN_BLOCK_CAPTURE_AUTORELEASING = YES;
				CLANG_WARN_BOOL_CONVERSION = YES;
				CLANG_WARN_COMMA = YES;
				CLANG_WARN_CONSTANT_CONVERSION = YES;
				CLANG_WARN_DEPRECATED_OBJC_IMPLEMENTATIONS = YES;
				CLANG_WARN_DIRECT_OBJC_ISA_USAGE = YES_ERROR;
				CLANG_WARN_DOCUMENTATION_COMMENTS = YES;
				CLANG_WARN_EMPTY_BODY = YES;
				CLANG_WARN_ENUM_CONVERSION = YES;
				CLANG_WARN_INFINITE_RECURSION = YES;
				CLANG_WARN_INT_CONVERSION = YES;
				CLANG_WARN_NON_LITERAL_NULL_CONVERSION = YES;
				CLANG_WARN_OBJC_IMPLICIT_RETAIN_SELF = YES;
				CLANG_WARN_OBJC_LITERAL_CONVERSION = YES;
				CLANG_WARN_OBJC_ROOT_CLASS = YES_ERROR;
				CLANG_WARN_QUOTED_INCLUDE_IN_FRAMEWORK_HEADER = YES;
				CLANG_WARN_RANGE_LOOP_ANALYSIS = YES;
				CLANG_WARN_STRICT_PROTOTYPES = YES;
				CLANG_WARN_SUSPICIOUS_MOVE = YES;
				CLANG_WARN_UNGUARDED_AVAILABILITY = YES_AGGRESSIVE;
				CLANG_WARN_UNREACHABLE_CODE = YES;
				CLANG_WARN__DUPLICATE_METHOD_MATCH = YES;
				COPY_PHASE_STRIP = NO;
				DEBUG_INFORMATION_FORMAT = dwarf;
				ENABLE_STRICT_OBJC_MSGSEND = YES;
				ENABLE_TESTABILITY = YES;
				GCC_C_LANGUAGE_STANDARD = gnu11;
				GCC_DYNAMIC_NO_PIC = NO;
				GCC_NO_COMMON_BLOCKS = YES;
				GCC_OPTIMIZATION_LEVEL = 0;
				GCC_PREPROCESSOR_DEFINITIONS = (
					"DEBUG=1",
					"$(inherited)",
				);
				GCC_WARN_64_TO_32_BIT_CONVERSION = YES;
				GCC_WARN_ABOUT_RETURN_TYPE = YES_ERROR;
				GCC_WARN_UNDECLARED_SELECTOR = YES;
				GCC_WARN_UNINITIALIZED_AUTOS = YES_AGGRESSIVE;
				GCC_WARN_UNUSED_FUNCTION = YES;
				GCC_WARN_UNUSED_VARIABLE = YES;
				IPHONEOS_DEPLOYMENT_TARGET = 13.2;
				MTL_ENABLE_DEBUG_INFO = INCLUDE_SOURCE;
				MTL_FAST_MATH = YES;
				ONLY_ACTIVE_ARCH = YES;
				SDKROOT = iphoneos;
				SWIFT_ACTIVE_COMPILATION_CONDITIONS = DEBUG;
				SWIFT_OPTIMIZATION_LEVEL = "-Onone";
			};
			name = Debug;
		};
		C4A0E9752782DB49005D6662 /* Release */ = {
			isa = XCBuildConfiguration;
			buildSettings = {
				ALWAYS_SEARCH_USER_PATHS = NO;
				CLANG_ANALYZER_NONNULL = YES;
				CLANG_ANALYZER_NUMBER_OBJECT_CONVERSION = YES_AGGRESSIVE;
				CLANG_CXX_LANGUAGE_STANDARD = "gnu++17";
				CLANG_CXX_LIBRARY = "libc++";
				CLANG_ENABLE_MODULES = YES;
				CLANG_ENABLE_OBJC_ARC = YES;
				CLANG_ENABLE_OBJC_WEAK = YES;
				CLANG_WARN_BLOCK_CAPTURE_AUTORELEASING = YES;
				CLANG_WARN_BOOL_CONVERSION = YES;
				CLANG_WARN_COMMA = YES;
				CLANG_WARN_CONSTANT_CONVERSION = YES;
				CLANG_WARN_DEPRECATED_OBJC_IMPLEMENTATIONS = YES;
				CLANG_WARN_DIRECT_OBJC_ISA_USAGE = YES_ERROR;
				CLANG_WARN_DOCUMENTATION_COMMENTS = YES;
				CLANG_WARN_EMPTY_BODY = YES;
				CLANG_WARN_ENUM_CONVERSION = YES;
				CLANG_WARN_INFINITE_RECURSION = YES;
				CLANG_WARN_INT_CONVERSION = YES;
				CLANG_WARN_NON_LITERAL_NULL_CONVERSION = YES;
				CLANG_WARN_OBJC_IMPLICIT_RETAIN_SELF = YES;
				CLANG_WARN_OBJC_LITERAL_CONVERSION = YES;
				CLANG_WARN_OBJC_ROOT_CLASS = YES_ERROR;
				CLANG_WARN_QUOTED_INCLUDE_IN_FRAMEWORK_HEADER = YES;
				CLANG_WARN_RANGE_LOOP_ANALYSIS = YES;
				CLANG_WARN_STRICT_PROTOTYPES = YES;
				CLANG_WARN_SUSPICIOUS_MOVE = YES;
				CLANG_WARN_UNGUARDED_AVAILABILITY = YES_AGGRESSIVE;
				CLANG_WARN_UNREACHABLE_CODE = YES;
				CLANG_WARN__DUPLICATE_METHOD_MATCH = YES;
				COPY_PHASE_STRIP = NO;
				DEBUG_INFORMATION_FORMAT = "dwarf-with-dsym";
				ENABLE_NS_ASSERTIONS = NO;
				ENABLE_STRICT_OBJC_MSGSEND = YES;
				GCC_C_LANGUAGE_STANDARD = gnu11;
				GCC_NO_COMMON_BLOCKS = YES;
				GCC_WARN_64_TO_32_BIT_CONVERSION = YES;
				GCC_WARN_ABOUT_RETURN_TYPE = YES_ERROR;
				GCC_WARN_UNDECLARED_SELECTOR = YES;
				GCC_WARN_UNINITIALIZED_AUTOS = YES_AGGRESSIVE;
				GCC_WARN_UNUSED_FUNCTION = YES;
				GCC_WARN_UNUSED_VARIABLE = YES;
				IPHONEOS_DEPLOYMENT_TARGET = 13.2;
				MTL_ENABLE_DEBUG_INFO = NO;
				MTL_FAST_MATH = YES;
				SDKROOT = iphoneos;
				SWIFT_COMPILATION_MODE = wholemodule;
				SWIFT_OPTIMIZATION_LEVEL = "-O";
				VALIDATE_PRODUCT = YES;
			};
			name = Release;
		};
		C4A0E9772782DB49005D6662 /* Debug */ = {
			isa = XCBuildConfiguration;
			baseConfigurationReference = BCDB67425DC14DD1605A7426 /* Pods-iPet.debug.xcconfig */;
			buildSettings = {
				ASSETCATALOG_COMPILER_APPICON_NAME = AppIcon;
				ASSETCATALOG_COMPILER_GLOBAL_ACCENT_COLOR_NAME = AccentColor;
				CODE_SIGN_ENTITLEMENTS = iPet/iPet.entitlements;
				CODE_SIGN_STYLE = Automatic;
				CURRENT_PROJECT_VERSION = 1;
				DEVELOPMENT_TEAM = EU9TQLF5BQ;
				GENERATE_INFOPLIST_FILE = YES;
				INFOPLIST_FILE = iPet/Resource/Info.plist;
				INFOPLIST_KEY_CFBundleDisplayName = Steppy;
				INFOPLIST_KEY_NSCameraUsageDescription = "Need your cam!";
				INFOPLIST_KEY_NSHealthShareUsageDescription = "Это необходимо для отправки количества ваших шагов";
				INFOPLIST_KEY_NSHealthUpdateUsageDescription = "Это необходимо для получения количества ваших шагов";
				INFOPLIST_KEY_NSPhotoLibraryUsageDescription = "Need your photos";
				INFOPLIST_KEY_UIApplicationSupportsIndirectInputEvents = YES;
				INFOPLIST_KEY_UILaunchStoryboardName = LaunchViewController;
				INFOPLIST_KEY_UISupportedInterfaceOrientations = UIInterfaceOrientationPortrait;
				INFOPLIST_KEY_UISupportedInterfaceOrientations_iPad = "UIInterfaceOrientationPortrait UIInterfaceOrientationPortraitUpsideDown UIInterfaceOrientationLandscapeLeft UIInterfaceOrientationLandscapeRight";
				INFOPLIST_KEY_UISupportedInterfaceOrientations_iPhone = "UIInterfaceOrientationPortrait UIInterfaceOrientationLandscapeLeft UIInterfaceOrientationLandscapeRight";
				LD_RUNPATH_SEARCH_PATHS = (
					"$(inherited)",
					"@executable_path/Frameworks",
				);
				MARKETING_VERSION = 1.0;
				PRODUCT_BUNDLE_IDENTIFIER = com.abs.ipet;
				PRODUCT_NAME = "$(TARGET_NAME)";
				SWIFT_EMIT_LOC_STRINGS = YES;
				SWIFT_VERSION = 5.0;
				TARGETED_DEVICE_FAMILY = 1;
			};
			name = Debug;
		};
		C4A0E9782782DB49005D6662 /* Release */ = {
			isa = XCBuildConfiguration;
			baseConfigurationReference = B8BB7D5D564207E8E6D279EA /* Pods-iPet.release.xcconfig */;
			buildSettings = {
				ASSETCATALOG_COMPILER_APPICON_NAME = AppIcon;
				ASSETCATALOG_COMPILER_GLOBAL_ACCENT_COLOR_NAME = AccentColor;
				CODE_SIGN_ENTITLEMENTS = iPet/iPet.entitlements;
				CODE_SIGN_STYLE = Automatic;
				CURRENT_PROJECT_VERSION = 1;
				DEVELOPMENT_TEAM = EU9TQLF5BQ;
				GENERATE_INFOPLIST_FILE = YES;
				INFOPLIST_FILE = iPet/Resource/Info.plist;
				INFOPLIST_KEY_CFBundleDisplayName = Steppy;
				INFOPLIST_KEY_NSCameraUsageDescription = "Need your cam!";
				INFOPLIST_KEY_NSHealthShareUsageDescription = "Это необходимо для отправки количества ваших шагов";
				INFOPLIST_KEY_NSHealthUpdateUsageDescription = "Это необходимо для получения количества ваших шагов";
				INFOPLIST_KEY_NSPhotoLibraryUsageDescription = "Need your photos";
				INFOPLIST_KEY_UIApplicationSupportsIndirectInputEvents = YES;
				INFOPLIST_KEY_UILaunchStoryboardName = LaunchViewController;
				INFOPLIST_KEY_UISupportedInterfaceOrientations = UIInterfaceOrientationPortrait;
				INFOPLIST_KEY_UISupportedInterfaceOrientations_iPad = "UIInterfaceOrientationPortrait UIInterfaceOrientationPortraitUpsideDown UIInterfaceOrientationLandscapeLeft UIInterfaceOrientationLandscapeRight";
				INFOPLIST_KEY_UISupportedInterfaceOrientations_iPhone = "UIInterfaceOrientationPortrait UIInterfaceOrientationLandscapeLeft UIInterfaceOrientationLandscapeRight";
				LD_RUNPATH_SEARCH_PATHS = (
					"$(inherited)",
					"@executable_path/Frameworks",
				);
				MARKETING_VERSION = 1.0;
				PRODUCT_BUNDLE_IDENTIFIER = com.abs.ipet;
				PRODUCT_NAME = "$(TARGET_NAME)";
				SWIFT_EMIT_LOC_STRINGS = YES;
				SWIFT_VERSION = 5.0;
				TARGETED_DEVICE_FAMILY = 1;
			};
			name = Release;
		};
/* End XCBuildConfiguration section */

/* Begin XCConfigurationList section */
		C4A0E95D2782DB48005D6662 /* Build configuration list for PBXProject "iPet" */ = {
			isa = XCConfigurationList;
			buildConfigurations = (
				C4A0E9742782DB49005D6662 /* Debug */,
				C4A0E9752782DB49005D6662 /* Release */,
			);
			defaultConfigurationIsVisible = 0;
			defaultConfigurationName = Release;
		};
		C4A0E9762782DB49005D6662 /* Build configuration list for PBXNativeTarget "iPet" */ = {
			isa = XCConfigurationList;
			buildConfigurations = (
				C4A0E9772782DB49005D6662 /* Debug */,
				C4A0E9782782DB49005D6662 /* Release */,
			);
			defaultConfigurationIsVisible = 0;
			defaultConfigurationName = Release;
		};
/* End XCConfigurationList section */
	};
	rootObject = C4A0E95A2782DB48005D6662 /* Project object */;
}
